// !$*UTF8*$!
{
	archiveVersion = 1;
	classes = {
	};
	objectVersion = 46;
	objects = {

/* Begin PBXBuildFile section */
		39940D9122C4EF600050DDE1 /* NativeScript.xcframework in Embed Frameworks */ = {isa = PBXBuildFile; fileRef = 39940D8C22C4EAAA0050DDE1 /* NativeScript.xcframework */; settings = {ATTRIBUTES = (CodeSignOnCopy, RemoveHeadersOnCopy, ); }; };
		39940E1C22C5DFFF0050DDE1 /* TKLiveSync.xcframework in Embed Frameworks */ = {isa = PBXBuildFile; fileRef = 39940E1B22C5DFFF0050DDE1 /* TKLiveSync.xcframework */; settings = {ATTRIBUTES = (CodeSignOnCopy, RemoveHeadersOnCopy, ); }; };
		3D1640562AC14C2BB26CC7E9 /* TNSCore.framework in Frameworks */ = {isa = PBXBuildFile; fileRef = 75CB5E8C2E5C4E559C454E97 /* TNSCore.framework */; };
		45C50578CA034A3B49DC85B2 /* Pods_pcimobilepromo.framework in Frameworks */ = {isa = PBXBuildFile; fileRef = 22C994F36F448E5ADB52B4F7 /* Pods_pcimobilepromo.framework */; };
		4827977308694DF2BDF4D90E /* password@3x.png in Resources */ = {isa = PBXBuildFile; fileRef = 92B07C511AE54E799C26ADDB /* password@3x.png */; };
		488170637B7E4558BD4793CD /* NativeScriptEmbedder.m in Sources */ = {isa = PBXBuildFile; fileRef = EDD2DA0189114FB092865B9E /* NativeScriptEmbedder.m */; };
		49B9AF9F2EC54F529CBA36C0 /* TNSChart.framework in Embed Frameworks */ = {isa = PBXBuildFile; fileRef = 89A7F1B6D425421CA8515DB5 /* TNSChart.framework */; settings = {ATTRIBUTES = (CodeSignOnCopy, ); }; };
		6AA4DE040B344D0D9812FF25 /* login@3x.png in Resources */ = {isa = PBXBuildFile; fileRef = AD9632F7D5D64E9B88731043 /* login@3x.png */; };
		6D8E5CBB32DE413F94F64F3C /* build.xcconfig in Resources */ = {isa = PBXBuildFile; fileRef = E1EC8D1E074F4E7882CC3AA9 /* build.xcconfig */; };
		7BDA6158546C40F1931466A4 /* password.png in Resources */ = {isa = PBXBuildFile; fileRef = 16936FDC668C4CD0B5B0A395 /* password.png */; };
		858B842D18CA22B800AB12DE /* InfoPlist.strings in Resources */ = {isa = PBXBuildFile; fileRef = 858B833A18CA111C00AB12DE /* InfoPlist.strings */; };
		86885B409ACC46598F68A598 /* Assets.xcassets in Resources */ = {isa = PBXBuildFile; fileRef = 6F5BE07B84DA455EAA1B02D0 /* Assets.xcassets */; };
		9568FFF4768842F39B1D1772 /* email@2x.png in Resources */ = {isa = PBXBuildFile; fileRef = 0D84E7D336424611A4986814 /* email@2x.png */; };
		97101296DEC24C0999A9045C /* TNSWidgets.framework in Embed Frameworks */ = {isa = PBXBuildFile; fileRef = B0FAA14B73A945FCA6B147C6 /* TNSWidgets.framework */; settings = {ATTRIBUTES = (CodeSignOnCopy, ); }; };
		9B1F3BC72AE24B578C8043BA /* email.png in Resources */ = {isa = PBXBuildFile; fileRef = AB4F22E42C3F4D8099630D03 /* email.png */; };
		A150F9F0D96E47FB876C6067 /* login@2x.png in Resources */ = {isa = PBXBuildFile; fileRef = EAA4D841168A41F488CA2D2D /* login@2x.png */; };
		CD45EE7C18DC2D5800FB50C0 /* app in Resources */ = {isa = PBXBuildFile; fileRef = CD45EE7A18DC2D5800FB50C0 /* app */; };
		CD62955D1BB2678900AE3A93 /* main.m in Sources */ = {isa = PBXBuildFile; fileRef = CD62955C1BB2678900AE3A93 /* main.m */; };
		DB69FF015A8C45768B847571 /* TNSChart.framework in Frameworks */ = {isa = PBXBuildFile; fileRef = 89A7F1B6D425421CA8515DB5 /* TNSChart.framework */; };
		DF332E455E1E4955A54BFF6D /* TNSCore.framework in Embed Frameworks */ = {isa = PBXBuildFile; fileRef = 75CB5E8C2E5C4E559C454E97 /* TNSCore.framework */; settings = {ATTRIBUTES = (CodeSignOnCopy, ); }; };
		DFB8EA3BC7B941E4884BC622 /* TNSWidgets.framework in Frameworks */ = {isa = PBXBuildFile; fileRef = B0FAA14B73A945FCA6B147C6 /* TNSWidgets.framework */; };
		E4E58DCAF51A4396850E1628 /* LaunchScreen.storyboard in Resources */ = {isa = PBXBuildFile; fileRef = 0C7FFB9982ED4F838ACD561F /* LaunchScreen.storyboard */; };
		EEA20FA47D024F93832B8953 /* password@2x.png in Resources */ = {isa = PBXBuildFile; fileRef = EAF58168FDA749E9996B46DB /* password@2x.png */; };
		F402EDC0B5094D3AB8B78D90 /* login.png in Resources */ = {isa = PBXBuildFile; fileRef = 0014C40B7A3C4DB2B4EFAEE2 /* login.png */; };
		FF7317BBE5DB4031B60AE352 /* email@3x.png in Resources */ = {isa = PBXBuildFile; fileRef = 7BD0AEF69EA549BDAB7A8B1F /* email@3x.png */; };
/* End PBXBuildFile section */

/* Begin PBXCopyFilesBuildPhase section */
		85F5BDFC1A9363BE006B9701 /* Embed Frameworks */ = {
			isa = PBXCopyFilesBuildPhase;
			buildActionMask = 2147483647;
			dstPath = "";
			dstSubfolderSpec = 10;
			files = (
				39940D9122C4EF600050DDE1 /* NativeScript.xcframework in Embed Frameworks */,
				39940E1C22C5DFFF0050DDE1 /* TKLiveSync.xcframework in Embed Frameworks */,
				97101296DEC24C0999A9045C /* TNSWidgets.framework in Embed Frameworks */,
				49B9AF9F2EC54F529CBA36C0 /* TNSChart.framework in Embed Frameworks */,
				DF332E455E1E4955A54BFF6D /* TNSCore.framework in Embed Frameworks */,
			);
			name = "Embed Frameworks";
			runOnlyForDeploymentPostprocessing = 0;
		};
/* End PBXCopyFilesBuildPhase section */

/* Begin PBXFileReference section */
		0014C40B7A3C4DB2B4EFAEE2 /* login.png */ = {isa = PBXFileReference; explicitFileType = undefined; fileEncoding = undefined; includeInIndex = 0; lastKnownFileType = image.png; name = login.png; path = pcimobilepromo/Resources/login.png; sourceTree = "<group>"; };
		0C7FFB9982ED4F838ACD561F /* LaunchScreen.storyboard */ = {isa = PBXFileReference; explicitFileType = undefined; fileEncoding = undefined; includeInIndex = 0; lastKnownFileType = unknown; name = LaunchScreen.storyboard; path = pcimobilepromo/Resources/LaunchScreen.storyboard; sourceTree = "<group>"; };
		0D84E7D336424611A4986814 /* email@2x.png */ = {isa = PBXFileReference; explicitFileType = undefined; fileEncoding = undefined; includeInIndex = 0; lastKnownFileType = image.png; name = "email@2x.png"; path = "pcimobilepromo/Resources/email@2x.png"; sourceTree = "<group>"; };
		11F71CE7DE317B6E11D93697 /* Pods-pcimobilepromo.release.xcconfig */ = {isa = PBXFileReference; includeInIndex = 1; lastKnownFileType = text.xcconfig; name = "Pods-pcimobilepromo.release.xcconfig"; path = "Target Support Files/Pods-pcimobilepromo/Pods-pcimobilepromo.release.xcconfig"; sourceTree = "<group>"; };
		16936FDC668C4CD0B5B0A395 /* password.png */ = {isa = PBXFileReference; explicitFileType = undefined; fileEncoding = undefined; includeInIndex = 0; lastKnownFileType = image.png; name = password.png; path = pcimobilepromo/Resources/password.png; sourceTree = "<group>"; };
		22C994F36F448E5ADB52B4F7 /* Pods_pcimobilepromo.framework */ = {isa = PBXFileReference; explicitFileType = wrapper.framework; includeInIndex = 0; path = Pods_pcimobilepromo.framework; sourceTree = BUILT_PRODUCTS_DIR; };
		391174B521F1D7BF00BA2583 /* nativescript-build.xcconfig */ = {isa = PBXFileReference; fileEncoding = 4; lastKnownFileType = text.xcconfig; name = "nativescript-build.xcconfig"; path = "internal/nativescript-build.xcconfig"; sourceTree = SOURCE_ROOT; };
		391174B721F1D99900BA2583 /* plugins-release.xcconfig */ = {isa = PBXFileReference; fileEncoding = 4; lastKnownFileType = text.xcconfig; path = "plugins-release.xcconfig"; sourceTree = SOURCE_ROOT; };
		391174B821F1D99900BA2583 /* plugins-debug.xcconfig */ = {isa = PBXFileReference; fileEncoding = 4; lastKnownFileType = text.xcconfig; path = "plugins-debug.xcconfig"; sourceTree = SOURCE_ROOT; };
		39940D8122C4E84C0050DDE1 /* pcimobilepromo.entitlements */ = {isa = PBXFileReference; lastKnownFileType = text.plist.entitlements; path = pcimobilepromo.entitlements; sourceTree = "<group>"; };
		39940D8C22C4EAAA0050DDE1 /* NativeScript.xcframework */ = {isa = PBXFileReference; lastKnownFileType = wrapper.xcframework; name = NativeScript.xcframework; path = internal/NativeScript.xcframework; sourceTree = "<group>"; };
		39940E1B22C5DFFF0050DDE1 /* TKLiveSync.xcframework */ = {isa = PBXFileReference; lastKnownFileType = wrapper.xcframework; name = TKLiveSync.xcframework; path = internal/TKLiveSync.xcframework; sourceTree = "<group>"; };
		3F9BE147F5B7E989FF67D524 /* Pods-pcimobilepromo.debug.xcconfig */ = {isa = PBXFileReference; includeInIndex = 1; lastKnownFileType = text.xcconfig; name = "Pods-pcimobilepromo.debug.xcconfig"; path = "Target Support Files/Pods-pcimobilepromo/Pods-pcimobilepromo.debug.xcconfig"; sourceTree = "<group>"; };
		42C751E2232B769100186695 /* nativescript-pre-link */ = {isa = PBXFileReference; fileEncoding = 4; lastKnownFileType = text; name = "nativescript-pre-link"; path = "internal/nativescript-pre-link"; sourceTree = SOURCE_ROOT; };
		42C751E3232B769100186695 /* strip-dynamic-framework-architectures.sh */ = {isa = PBXFileReference; fileEncoding = 4; lastKnownFileType = text.script.sh; name = "strip-dynamic-framework-architectures.sh"; path = "internal/strip-dynamic-framework-architectures.sh"; sourceTree = SOURCE_ROOT; };
		42C751E4232B769100186695 /* nsld.sh */ = {isa = PBXFileReference; fileEncoding = 4; lastKnownFileType = text.script.sh; name = nsld.sh; path = internal/nsld.sh; sourceTree = SOURCE_ROOT; };
		42C751E5232B769100186695 /* nativescript-post-build */ = {isa = PBXFileReference; fileEncoding = 4; lastKnownFileType = text; name = "nativescript-post-build"; path = "internal/nativescript-post-build"; sourceTree = SOURCE_ROOT; };
		42C751E6232B769100186695 /* nativescript-pre-build */ = {isa = PBXFileReference; fileEncoding = 4; lastKnownFileType = text; name = "nativescript-pre-build"; path = "internal/nativescript-pre-build"; sourceTree = SOURCE_ROOT; };
		498C8600586E44C991F1836D /* module.modulemap */ = {isa = PBXFileReference; explicitFileType = undefined; fileEncoding = undefined; includeInIndex = 0; lastKnownFileType = "sourcecode.module-map"; name = module.modulemap; path = "../../node_modules/@nativescript/core/platforms/ios/src/module.modulemap"; sourceTree = "<group>"; };
		6F5BE07B84DA455EAA1B02D0 /* Assets.xcassets */ = {isa = PBXFileReference; explicitFileType = undefined; fileEncoding = undefined; includeInIndex = 0; lastKnownFileType = folder.assetcatalog; name = Assets.xcassets; path = pcimobilepromo/Resources/Assets.xcassets; sourceTree = "<group>"; };
		75CB5E8C2E5C4E559C454E97 /* TNSCore.framework */ = {isa = PBXFileReference; explicitFileType = undefined; fileEncoding = undefined; includeInIndex = 0; lastKnownFileType = wrapper.framework; name = TNSCore.framework; path = "$(SRCROOT)/../../node_modules/nativescript-ui-core/platforms/ios/TNSCore.framework"; sourceTree = "<group>"; };
		7BD0AEF69EA549BDAB7A8B1F /* email@3x.png */ = {isa = PBXFileReference; explicitFileType = undefined; fileEncoding = undefined; includeInIndex = 0; lastKnownFileType = image.png; name = "email@3x.png"; path = "pcimobilepromo/Resources/email@3x.png"; sourceTree = "<group>"; };
		858B832E18CA111C00AB12DE /* pcimobilepromo.app */ = {isa = PBXFileReference; explicitFileType = wrapper.application; includeInIndex = 0; path = pcimobilepromo.app; sourceTree = BUILT_PRODUCTS_DIR; };
		858B833918CA111C00AB12DE /* pcimobilepromo-Info.plist */ = {isa = PBXFileReference; lastKnownFileType = text.plist.xml; path = "pcimobilepromo-Info.plist"; sourceTree = "<group>"; };
		858B833B18CA111C00AB12DE /* en */ = {isa = PBXFileReference; lastKnownFileType = text.plist.strings; name = en; path = en.lproj/InfoPlist.strings; sourceTree = "<group>"; };
		858B833F18CA111C00AB12DE /* pcimobilepromo-Prefix.pch */ = {isa = PBXFileReference; lastKnownFileType = sourcecode.c.h; path = "pcimobilepromo-Prefix.pch"; sourceTree = "<group>"; };
		858B843318CA22B800AB12DE /* pcimobilepromo.app */ = {isa = PBXFileReference; explicitFileType = wrapper.application; includeInIndex = 0; path = pcimobilepromo.app; sourceTree = BUILT_PRODUCTS_DIR; };
		89A7F1B6D425421CA8515DB5 /* TNSChart.framework */ = {isa = PBXFileReference; explicitFileType = undefined; fileEncoding = undefined; includeInIndex = 0; lastKnownFileType = wrapper.framework; name = TNSChart.framework; path = "$(SRCROOT)/../../node_modules/nativescript-ui-chart/platforms/ios/TNSChart.framework"; sourceTree = "<group>"; };
		92B07C511AE54E799C26ADDB /* password@3x.png */ = {isa = PBXFileReference; explicitFileType = undefined; fileEncoding = undefined; includeInIndex = 0; lastKnownFileType = image.png; name = "password@3x.png"; path = "pcimobilepromo/Resources/password@3x.png"; sourceTree = "<group>"; };
		930F05DB22671AE300D269DC /* Swift-ObjC-Bridging-Header.h */ = {isa = PBXFileReference; lastKnownFileType = sourcecode.c.h; name = "Swift-ObjC-Bridging-Header.h"; path = "internal/Swift-ObjC-Bridging-Header.h"; sourceTree = SOURCE_ROOT; };
		AB4F22E42C3F4D8099630D03 /* email.png */ = {isa = PBXFileReference; explicitFileType = undefined; fileEncoding = undefined; includeInIndex = 0; lastKnownFileType = image.png; name = email.png; path = pcimobilepromo/Resources/email.png; sourceTree = "<group>"; };
		AD9632F7D5D64E9B88731043 /* login@3x.png */ = {isa = PBXFileReference; explicitFileType = undefined; fileEncoding = undefined; includeInIndex = 0; lastKnownFileType = image.png; name = "login@3x.png"; path = "pcimobilepromo/Resources/login@3x.png"; sourceTree = "<group>"; };
		B0FAA14B73A945FCA6B147C6 /* TNSWidgets.framework */ = {isa = PBXFileReference; explicitFileType = undefined; fileEncoding = undefined; includeInIndex = 0; lastKnownFileType = wrapper.framework; name = TNSWidgets.framework; path = "$(SRCROOT)/../../node_modules/@nativescript/core/platforms/ios/TNSWidgets.framework"; sourceTree = "<group>"; };
		BA2D813E5F5C48C589689E42 /* NativeScriptEmbedder.h */ = {isa = PBXFileReference; explicitFileType = undefined; fileEncoding = 4; includeInIndex = 0; lastKnownFileType = sourcecode.c.h; name = NativeScriptEmbedder.h; path = "../../node_modules/@nativescript/core/platforms/ios/src/NativeScriptEmbedder.h"; sourceTree = "<group>"; };
		CD45EE7A18DC2D5800FB50C0 /* app */ = {isa = PBXFileReference; lastKnownFileType = folder; path = app; sourceTree = "<group>"; };
		CD62955C1BB2678900AE3A93 /* main.m */ = {isa = PBXFileReference; fileEncoding = 4; lastKnownFileType = sourcecode.c.objc; name = main.m; path = internal/main.m; sourceTree = SOURCE_ROOT; };
		CDD59A261BB43B5D00EC2671 /* build-debug.xcconfig */ = {isa = PBXFileReference; fileEncoding = 4; lastKnownFileType = text.xcconfig; path = "build-debug.xcconfig"; sourceTree = "<group>"; };
		CDD59A271BB43B5D00EC2671 /* build-release.xcconfig */ = {isa = PBXFileReference; fileEncoding = 4; lastKnownFileType = text.xcconfig; path = "build-release.xcconfig"; sourceTree = "<group>"; };
		CDF4743E1BA4855C0087EA85 /* build.xcconfig */ = {isa = PBXFileReference; fileEncoding = 4; lastKnownFileType = text.xcconfig; path = build.xcconfig; sourceTree = "<group>"; };
		E1EC8D1E074F4E7882CC3AA9 /* build.xcconfig */ = {isa = PBXFileReference; explicitFileType = undefined; fileEncoding = 4; includeInIndex = 0; lastKnownFileType = text.xcconfig; name = build.xcconfig; path = pcimobilepromo/Resources/build.xcconfig; sourceTree = "<group>"; };
		EAA4D841168A41F488CA2D2D /* login@2x.png */ = {isa = PBXFileReference; explicitFileType = undefined; fileEncoding = undefined; includeInIndex = 0; lastKnownFileType = image.png; name = "login@2x.png"; path = "pcimobilepromo/Resources/login@2x.png"; sourceTree = "<group>"; };
		EAF58168FDA749E9996B46DB /* password@2x.png */ = {isa = PBXFileReference; explicitFileType = undefined; fileEncoding = undefined; includeInIndex = 0; lastKnownFileType = image.png; name = "password@2x.png"; path = "pcimobilepromo/Resources/password@2x.png"; sourceTree = "<group>"; };
		EDD2DA0189114FB092865B9E /* NativeScriptEmbedder.m */ = {isa = PBXFileReference; explicitFileType = undefined; fileEncoding = 4; includeInIndex = 0; lastKnownFileType = sourcecode.c.objc; name = NativeScriptEmbedder.m; path = "../../node_modules/@nativescript/core/platforms/ios/src/NativeScriptEmbedder.m"; sourceTree = "<group>"; };
/* End PBXFileReference section */

/* Begin PBXFrameworksBuildPhase section */
		858B83F418CA22B800AB12DE /* Frameworks */ = {
			isa = PBXFrameworksBuildPhase;
			buildActionMask = 2147483647;
			files = (
				DFB8EA3BC7B941E4884BC622 /* TNSWidgets.framework in Frameworks */,
				DB69FF015A8C45768B847571 /* TNSChart.framework in Frameworks */,
				3D1640562AC14C2BB26CC7E9 /* TNSCore.framework in Frameworks */,
				45C50578CA034A3B49DC85B2 /* Pods_pcimobilepromo.framework in Frameworks */,
			);
			runOnlyForDeploymentPostprocessing = 0;
		};
/* End PBXFrameworksBuildPhase section */

/* Begin PBXGroup section */
		150BCC0152DA4575A6C46EEA /* @nativescript/core */ = {
			isa = PBXGroup;
			children = (
				BA2D813E5F5C48C589689E42 /* NativeScriptEmbedder.h */,
				EDD2DA0189114FB092865B9E /* NativeScriptEmbedder.m */,
				498C8600586E44C991F1836D /* module.modulemap */,
			);
			name = "@nativescript/core";
			sourceTree = "<group>";
		};
		39940D8E22C4EBCC0050DDE1 /* Sources */ = {
			isa = PBXGroup;
			children = (
				CD62955C1BB2678900AE3A93 /* main.m */,
				858B833F18CA111C00AB12DE /* pcimobilepromo-Prefix.pch */,
			);
			name = Sources;
			sourceTree = "<group>";
		};
		417BD10FCFF8403ABD5EF76F /* nativescript-fingerprint-auth */ = {
			isa = PBXGroup;
			children = (
			);
			name = "nativescript-fingerprint-auth";
			sourceTree = "<group>";
		};
		42C751E1232B767700186695 /* Build Scripts */ = {
			isa = PBXGroup;
			children = (
				42C751E5232B769100186695 /* nativescript-post-build */,
				42C751E6232B769100186695 /* nativescript-pre-build */,
				42C751E2232B769100186695 /* nativescript-pre-link */,
				42C751E4232B769100186695 /* nsld.sh */,
				42C751E3232B769100186695 /* strip-dynamic-framework-architectures.sh */,
			);
			name = "Build Scripts";
			sourceTree = "<group>";
		};
		5389F3BBFF856DC14DD41B6A /* Pods */ = {
			isa = PBXGroup;
			children = (
				3F9BE147F5B7E989FF67D524 /* Pods-pcimobilepromo.debug.xcconfig */,
				11F71CE7DE317B6E11D93697 /* Pods-pcimobilepromo.release.xcconfig */,
			);
			name = Pods;
			path = Pods;
			sourceTree = "<group>";
		};
		573FDBC05BF54FF59F6A8E4B /* nativescript-ui-chart */ = {
			isa = PBXGroup;
			children = (
			);
			name = "nativescript-ui-chart";
			sourceTree = "<group>";
		};
		720DCD4ADB4A48198DAD43F9 /* nativescript-ui-core */ = {
			isa = PBXGroup;
			children = (
			);
			name = "nativescript-ui-core";
			sourceTree = "<group>";
		};
		79BEE54F2ED3486BAEA11135 /* nativescript-iqkeyboardmanager */ = {
			isa = PBXGroup;
			children = (
			);
			name = "nativescript-iqkeyboardmanager";
			sourceTree = "<group>";
		};
		858B832518CA111C00AB12DE = {
			isa = PBXGroup;
			children = (
				E070579D1B39A9D000214BF1 /* Resources */,
				858B833718CA111C00AB12DE /* pcimobilepromo */,
				858B833018CA111C00AB12DE /* Frameworks */,
				858B832F18CA111C00AB12DE /* Products */,
				B408A0007F954DFEA3994F0B /* TNSNativeSource */,
				150BCC0152DA4575A6C46EEA /* @nativescript/core */,
				417BD10FCFF8403ABD5EF76F /* nativescript-fingerprint-auth */,
				79BEE54F2ED3486BAEA11135 /* nativescript-iqkeyboardmanager */,
				573FDBC05BF54FF59F6A8E4B /* nativescript-ui-chart */,
				88E7B9BE986C425CB68DDD34 /* @proplugins/nativescript-dom */,
				720DCD4ADB4A48198DAD43F9 /* nativescript-ui-core */,
				5389F3BBFF856DC14DD41B6A /* Pods */,
			);
			sourceTree = "<group>";
		};
		858B832F18CA111C00AB12DE /* Products */ = {
			isa = PBXGroup;
			children = (
				858B832E18CA111C00AB12DE /* pcimobilepromo.app */,
				858B843318CA22B800AB12DE /* pcimobilepromo.app */,
			);
			name = Products;
			sourceTree = "<group>";
		};
		858B833018CA111C00AB12DE /* Frameworks */ = {
			isa = PBXGroup;
			children = (
				39940E1B22C5DFFF0050DDE1 /* TKLiveSync.xcframework */,
				39940D8C22C4EAAA0050DDE1 /* NativeScript.xcframework */,
				B0FAA14B73A945FCA6B147C6 /* TNSWidgets.framework */,
				89A7F1B6D425421CA8515DB5 /* TNSChart.framework */,
				75CB5E8C2E5C4E559C454E97 /* TNSCore.framework */,
				22C994F36F448E5ADB52B4F7 /* Pods_pcimobilepromo.framework */,
			);
			name = Frameworks;
			sourceTree = "<group>";
		};
		858B833718CA111C00AB12DE /* pcimobilepromo */ = {
			isa = PBXGroup;
			children = (
				39940D8E22C4EBCC0050DDE1 /* Sources */,
				39940D8122C4E84C0050DDE1 /* pcimobilepromo.entitlements */,
				CD45EE7A18DC2D5800FB50C0 /* app */,
				858B833818CA111C00AB12DE /* Supporting Files */,
			);
			path = pcimobilepromo;
			sourceTree = "<group>";
		};
		858B833818CA111C00AB12DE /* Supporting Files */ = {
			isa = PBXGroup;
			children = (
				42C751E1232B767700186695 /* Build Scripts */,
				391174B821F1D99900BA2583 /* plugins-debug.xcconfig */,
				391174B721F1D99900BA2583 /* plugins-release.xcconfig */,
				CDF4743E1BA4855C0087EA85 /* build.xcconfig */,
				CDD59A261BB43B5D00EC2671 /* build-debug.xcconfig */,
				CDD59A271BB43B5D00EC2671 /* build-release.xcconfig */,
				391174B521F1D7BF00BA2583 /* nativescript-build.xcconfig */,
				858B833918CA111C00AB12DE /* pcimobilepromo-Info.plist */,
				858B833A18CA111C00AB12DE /* InfoPlist.strings */,
				930F05DB22671AE300D269DC /* Swift-ObjC-Bridging-Header.h */,
			);
			name = "Supporting Files";
			sourceTree = "<group>";
		};
		88E7B9BE986C425CB68DDD34 /* @proplugins/nativescript-dom */ = {
			isa = PBXGroup;
			children = (
			);
			name = "@proplugins/nativescript-dom";
			sourceTree = "<group>";
		};
		B408A0007F954DFEA3994F0B /* TNSNativeSource */ = {
			isa = PBXGroup;
			children = (
			);
			name = TNSNativeSource;
			sourceTree = "<group>";
		};
		E070579D1B39A9D000214BF1 /* Resources */ = {
			isa = PBXGroup;
			children = (
				6F5BE07B84DA455EAA1B02D0 /* Assets.xcassets */,
				0C7FFB9982ED4F838ACD561F /* LaunchScreen.storyboard */,
				E1EC8D1E074F4E7882CC3AA9 /* build.xcconfig */,
				AB4F22E42C3F4D8099630D03 /* email.png */,
				0D84E7D336424611A4986814 /* email@2x.png */,
				7BD0AEF69EA549BDAB7A8B1F /* email@3x.png */,
				0014C40B7A3C4DB2B4EFAEE2 /* login.png */,
				EAA4D841168A41F488CA2D2D /* login@2x.png */,
				AD9632F7D5D64E9B88731043 /* login@3x.png */,
				16936FDC668C4CD0B5B0A395 /* password.png */,
				EAF58168FDA749E9996B46DB /* password@2x.png */,
				92B07C511AE54E799C26ADDB /* password@3x.png */,
			);
			name = Resources;
			sourceTree = "<group>";
		};
/* End PBXGroup section */

/* Begin PBXNativeTarget section */
		858B83EF18CA22B800AB12DE /* pcimobilepromo */ = {
			isa = PBXNativeTarget;
			buildConfigurationList = 858B843018CA22B800AB12DE /* Build configuration list for PBXNativeTarget "pcimobilepromo" */;
			buildPhases = (
				5D7B66683310363FD1DCFC1D /* [CP] Check Pods Manifest.lock */,
				C97FD7AC1ADE5369004DB2A4 /* NativeScript PreBuild */,
				858B83F218CA22B800AB12DE /* Sources */,
				CD62955B1BB2651D00AE3A93 /* NativeScript PreLink */,
				858B83F418CA22B800AB12DE /* Frameworks */,
				858B842C18CA22B800AB12DE /* Resources */,
				85F5BDFC1A9363BE006B9701 /* Embed Frameworks */,
				CD3EAD351B05FF060042DBFC /* NativeScript PostBuild */,
				4BE59C6A234401D8F1975C0B /* [CP] Embed Pods Frameworks */,
			);
			buildRules = (
			);
			dependencies = (
			);
			name = pcimobilepromo;
			productName = JDBridgeApp;
			productReference = 858B843318CA22B800AB12DE /* pcimobilepromo.app */;
			productType = "com.apple.product-type.application";
		};
/* End PBXNativeTarget section */

/* Begin PBXProject section */
		858B832618CA111C00AB12DE /* Project object */ = {
			isa = PBXProject;
			attributes = {
				CLASSPREFIX = TNS;
				LastUpgradeCheck = 500;
				ORGANIZATIONNAME = Telerik;
				TargetAttributes = {
					858B83EF18CA22B800AB12DE = {
						DevelopmentTeam = G2SMTM65P8;
						ProvisioningStyle = Automatic;
					};
				};
			};
			buildConfigurationList = 858B832918CA111C00AB12DE /* Build configuration list for PBXProject "pcimobilepromo" */;
			compatibilityVersion = "Xcode 3.2";
			developmentRegion = English;
			hasScannedForEncodings = 0;
			knownRegions = (
				English,
				en,
			);
			mainGroup = 858B832518CA111C00AB12DE;
			productRefGroup = 858B832F18CA111C00AB12DE /* Products */;
			projectDirPath = "";
			projectRoot = "";
			targets = (
				858B83EF18CA22B800AB12DE /* pcimobilepromo */,
			);
		};
/* End PBXProject section */

/* Begin PBXResourcesBuildPhase section */
		858B842C18CA22B800AB12DE /* Resources */ = {
			isa = PBXResourcesBuildPhase;
			buildActionMask = 2147483647;
			files = (
				CD45EE7C18DC2D5800FB50C0 /* app in Resources */,
				858B842D18CA22B800AB12DE /* InfoPlist.strings in Resources */,
				86885B409ACC46598F68A598 /* Assets.xcassets in Resources */,
				E4E58DCAF51A4396850E1628 /* LaunchScreen.storyboard in Resources */,
				6D8E5CBB32DE413F94F64F3C /* build.xcconfig in Resources */,
				9B1F3BC72AE24B578C8043BA /* email.png in Resources */,
				9568FFF4768842F39B1D1772 /* email@2x.png in Resources */,
				FF7317BBE5DB4031B60AE352 /* email@3x.png in Resources */,
				F402EDC0B5094D3AB8B78D90 /* login.png in Resources */,
				A150F9F0D96E47FB876C6067 /* login@2x.png in Resources */,
				6AA4DE040B344D0D9812FF25 /* login@3x.png in Resources */,
				7BDA6158546C40F1931466A4 /* password.png in Resources */,
				EEA20FA47D024F93832B8953 /* password@2x.png in Resources */,
				4827977308694DF2BDF4D90E /* password@3x.png in Resources */,
			);
			runOnlyForDeploymentPostprocessing = 0;
		};
/* End PBXResourcesBuildPhase section */

/* Begin PBXShellScriptBuildPhase section */
		4BE59C6A234401D8F1975C0B /* [CP] Embed Pods Frameworks */ = {
			isa = PBXShellScriptBuildPhase;
			buildActionMask = 2147483647;
			files = (
			);
			inputPaths = (
				"${PODS_ROOT}/Target Support Files/Pods-pcimobilepromo/Pods-pcimobilepromo-frameworks.sh",
				"${BUILT_PRODUCTS_DIR}/IQKeyboardManager/IQKeyboardManager.framework",
				"${BUILT_PRODUCTS_DIR}/MDFInternationalization/MDFInternationalization.framework",
				"${BUILT_PRODUCTS_DIR}/MaterialComponents/MaterialComponents.framework",
			);
			name = "[CP] Embed Pods Frameworks";
			outputPaths = (
				"${TARGET_BUILD_DIR}/${FRAMEWORKS_FOLDER_PATH}/IQKeyboardManager.framework",
				"${TARGET_BUILD_DIR}/${FRAMEWORKS_FOLDER_PATH}/MDFInternationalization.framework",
				"${TARGET_BUILD_DIR}/${FRAMEWORKS_FOLDER_PATH}/MaterialComponents.framework",
			);
			runOnlyForDeploymentPostprocessing = 0;
			shellPath = /bin/sh;
			shellScript = "\"${PODS_ROOT}/Target Support Files/Pods-pcimobilepromo/Pods-pcimobilepromo-frameworks.sh\"\n";
			showEnvVarsInLog = 0;
		};
		5D7B66683310363FD1DCFC1D /* [CP] Check Pods Manifest.lock */ = {
			isa = PBXShellScriptBuildPhase;
			buildActionMask = 2147483647;
			files = (
			);
			inputFileListPaths = (
			);
			inputPaths = (
				"${PODS_PODFILE_DIR_PATH}/Podfile.lock",
				"${PODS_ROOT}/Manifest.lock",
			);
			name = "[CP] Check Pods Manifest.lock";
			outputFileListPaths = (
			);
			outputPaths = (
				"$(DERIVED_FILE_DIR)/Pods-pcimobilepromo-checkManifestLockResult.txt",
			);
			runOnlyForDeploymentPostprocessing = 0;
			shellPath = /bin/sh;
			shellScript = "diff \"${PODS_PODFILE_DIR_PATH}/Podfile.lock\" \"${PODS_ROOT}/Manifest.lock\" > /dev/null\nif [ $? != 0 ] ; then\n    # print error to STDERR\n    echo \"error: The sandbox is not in sync with the Podfile.lock. Run 'pod install' or update your CocoaPods installation.\" >&2\n    exit 1\nfi\n# This output is used by Xcode 'outputs' to avoid re-running this script phase.\necho \"SUCCESS\" > \"${SCRIPT_OUTPUT_FILE_0}\"\n";
			showEnvVarsInLog = 0;
		};
		C97FD7AC1ADE5369004DB2A4 /* NativeScript PreBuild */ = {
			isa = PBXShellScriptBuildPhase;
			buildActionMask = 2147483647;
			files = (
			);
			inputPaths = (
			);
			name = "NativeScript PreBuild";
			outputPaths = (
			);
			runOnlyForDeploymentPostprocessing = 0;
			shellPath = /bin/sh;
			shellScript = "\"$SRCROOT/internal/nativescript-pre-build\"\n";
			showEnvVarsInLog = 0;
		};
		CD3EAD351B05FF060042DBFC /* NativeScript PostBuild */ = {
			isa = PBXShellScriptBuildPhase;
			buildActionMask = 2147483647;
			files = (
			);
			inputPaths = (
			);
			name = "NativeScript PostBuild";
			outputPaths = (
			);
			runOnlyForDeploymentPostprocessing = 0;
			shellPath = /bin/sh;
			shellScript = "\"$SRCROOT/internal/nativescript-post-build\"";
			showEnvVarsInLog = 0;
		};
		CD62955B1BB2651D00AE3A93 /* NativeScript PreLink */ = {
			isa = PBXShellScriptBuildPhase;
			buildActionMask = 2147483647;
			files = (
			);
			inputPaths = (
			);
			name = "NativeScript PreLink";
			outputPaths = (
			);
			runOnlyForDeploymentPostprocessing = 0;
			shellPath = /bin/sh;
			shellScript = "\"$SRCROOT/internal/nativescript-pre-link\"";
			showEnvVarsInLog = 0;
		};
/* End PBXShellScriptBuildPhase section */

/* Begin PBXSourcesBuildPhase section */
		858B83F218CA22B800AB12DE /* Sources */ = {
			isa = PBXSourcesBuildPhase;
			buildActionMask = 2147483647;
			files = (
				CD62955D1BB2678900AE3A93 /* main.m in Sources */,
				488170637B7E4558BD4793CD /* NativeScriptEmbedder.m in Sources */,
			);
			runOnlyForDeploymentPostprocessing = 0;
		};
/* End PBXSourcesBuildPhase section */

/* Begin PBXVariantGroup section */
		858B833A18CA111C00AB12DE /* InfoPlist.strings */ = {
			isa = PBXVariantGroup;
			children = (
				858B833B18CA111C00AB12DE /* en */,
			);
			name = InfoPlist.strings;
			sourceTree = "<group>";
		};
/* End PBXVariantGroup section */

/* Begin XCBuildConfiguration section */
		858B835818CA111C00AB12DE /* Debug */ = {
			isa = XCBuildConfiguration;
			buildSettings = {
				ALWAYS_SEARCH_USER_PATHS = NO;
				ARCHS = "$(ARCHS_STANDARD)";
				CLANG_CXX_LANGUAGE_STANDARD = "gnu++0x";
				CLANG_CXX_LIBRARY = "libc++";
				CLANG_ENABLE_MODULES = YES;
				CLANG_ENABLE_OBJC_ARC = YES;
				CLANG_WARN_BOOL_CONVERSION = YES;
				CLANG_WARN_CONSTANT_CONVERSION = YES;
				CLANG_WARN_DIRECT_OBJC_ISA_USAGE = YES_ERROR;
				CLANG_WARN_EMPTY_BODY = YES;
				CLANG_WARN_ENUM_CONVERSION = YES;
				CLANG_WARN_INT_CONVERSION = YES;
				CLANG_WARN_OBJC_ROOT_CLASS = YES_ERROR;
				CLANG_WARN__DUPLICATE_METHOD_MATCH = YES;
				"CODE_SIGN_IDENTITY[sdk=iphoneos*]" = "iPhone Developer";
				COPY_PHASE_STRIP = NO;
				DERIVE_UIKITFORMAC_PRODUCT_BUNDLE_IDENTIFIER = YES;
				GCC_C_LANGUAGE_STANDARD = gnu99;
				GCC_DYNAMIC_NO_PIC = NO;
				GCC_OPTIMIZATION_LEVEL = 0;
				GCC_SYMBOLS_PRIVATE_EXTERN = NO;
				GCC_WARN_64_TO_32_BIT_CONVERSION = YES;
				GCC_WARN_ABOUT_RETURN_TYPE = YES_ERROR;
				GCC_WARN_UNDECLARED_SELECTOR = YES;
				GCC_WARN_UNINITIALIZED_AUTOS = YES;
				GCC_WARN_UNUSED_FUNCTION = YES;
				GCC_WARN_UNUSED_VARIABLE = YES;
				IPHONEOS_DEPLOYMENT_TARGET = 9.0;
				ONLY_ACTIVE_ARCH = YES;
				SDKROOT = iphoneos;
				STRIP_SWIFT_SYMBOLS = NO;
				SUPPORTS_UIKITFORMAC = YES;
				SWIFT_OBJC_BRIDGING_HEADER = "$SRCROOT/internal/Swift-ObjC-Bridging-Header.h";
				SWIFT_VERSION = 4.2;
				TARGETED_DEVICE_FAMILY = "1,2";
			};
			name = Debug;
		};
		858B835918CA111C00AB12DE /* Release */ = {
			isa = XCBuildConfiguration;
			buildSettings = {
				ALWAYS_SEARCH_USER_PATHS = NO;
				ARCHS = "$(ARCHS_STANDARD)";
				CLANG_CXX_LANGUAGE_STANDARD = "gnu++0x";
				CLANG_CXX_LIBRARY = "libc++";
				CLANG_ENABLE_MODULES = YES;
				CLANG_ENABLE_OBJC_ARC = YES;
				CLANG_WARN_BOOL_CONVERSION = YES;
				CLANG_WARN_CONSTANT_CONVERSION = YES;
				CLANG_WARN_DIRECT_OBJC_ISA_USAGE = YES_ERROR;
				CLANG_WARN_EMPTY_BODY = YES;
				CLANG_WARN_ENUM_CONVERSION = YES;
				CLANG_WARN_INT_CONVERSION = YES;
				CLANG_WARN_OBJC_ROOT_CLASS = YES_ERROR;
				CLANG_WARN__DUPLICATE_METHOD_MATCH = YES;
				"CODE_SIGN_IDENTITY[sdk=iphoneos*]" = "iPhone Developer";
				COPY_PHASE_STRIP = YES;
				DERIVE_UIKITFORMAC_PRODUCT_BUNDLE_IDENTIFIER = YES;
				ENABLE_NS_ASSERTIONS = NO;
				GCC_C_LANGUAGE_STANDARD = gnu99;
				GCC_WARN_64_TO_32_BIT_CONVERSION = YES;
				GCC_WARN_ABOUT_RETURN_TYPE = YES_ERROR;
				GCC_WARN_UNDECLARED_SELECTOR = YES;
				GCC_WARN_UNINITIALIZED_AUTOS = YES;
				GCC_WARN_UNUSED_FUNCTION = YES;
				GCC_WARN_UNUSED_VARIABLE = YES;
				IPHONEOS_DEPLOYMENT_TARGET = 9.0;
				SDKROOT = iphoneos;
				STRIP_SWIFT_SYMBOLS = NO;
				SUPPORTS_UIKITFORMAC = YES;
				SWIFT_OBJC_BRIDGING_HEADER = "$SRCROOT/internal/Swift-ObjC-Bridging-Header.h";
				SWIFT_VERSION = 4.2;
				TARGETED_DEVICE_FAMILY = "1,2";
				VALIDATE_PRODUCT = YES;
			};
			name = Release;
		};
		858B843118CA22B800AB12DE /* Debug */ = {
			isa = XCBuildConfiguration;
			baseConfigurationReference = CDD59A261BB43B5D00EC2671 /* build-debug.xcconfig */;
			buildSettings = {
				ARCHS = "$(ARCHS_STANDARD)";
				CODE_SIGN_ENTITLEMENTS = pcimobilepromo/pcimobilepromo.entitlements;
				"CODE_SIGN_IDENTITY[sdk=iphoneos*]" = "iPhone Developer";
				DEVELOPMENT_TEAM = G2SMTM65P8;
				ENABLE_BITCODE = NO;
				"ENABLE_HARDENED_RUNTIME[sdk=macosx*]" = YES;
				FRAMEWORK_SEARCH_PATHS = (
					"$(inherited)",
					"\"$(SRCROOT)/../../node_modules/@nativescript/core/platforms/ios\"",
					"\"$(SRCROOT)/../../node_modules/nativescript-ui-chart/platforms/ios\"",
					"\"$(SRCROOT)/../../node_modules/nativescript-ui-core/platforms/ios\"",
				);
				GCC_PRECOMPILE_PREFIX_HEADER = YES;
				GCC_PREFIX_HEADER = "pcimobilepromo/pcimobilepromo-Prefix.pch";
				GCC_PREPROCESSOR_DEFINITIONS = (
					"$(inherited)",
					"DEBUG=1",
				);
				HEADER_SEARCH_PATHS = (
					"$(inherited)",
					"\"$SRCROOT/internal/Swift-Modules\"",
					"\"$(SRCROOT)/internal\"",
					"\"$(SRCROOT)/../../app/App_Resources/iOS/src\"",
					"\"$(SRCROOT)/../../node_modules/@nativescript/core/platforms/ios/src\"",
					"\"$(SRCROOT)/../../node_modules/nativescript-fingerprint-auth/platforms/ios/src\"",
					"\"$(SRCROOT)/../../node_modules/nativescript-iqkeyboardmanager/platforms/ios/src\"",
					"\"$(SRCROOT)/../../node_modules/nativescript-ui-chart/platforms/ios/src\"",
					"\"$(SRCROOT)/../../node_modules/@proplugins/nativescript-dom/platforms/ios/src\"",
					"\"$(SRCROOT)/../../node_modules/nativescript-ui-core/platforms/ios/src\"",
				);
				INFOPLIST_FILE = "$(SRCROOT)/pcimobilepromo/pcimobilepromo-Info.plist";
				LD_RUNPATH_SEARCH_PATHS = "$(inherited) @executable_path/Frameworks";
				PRODUCT_BUNDLE_IDENTIFIER = "net.pciaa.profile";
				PRODUCT_NAME = pcimobilepromo;
				TARGETED_DEVICE_FAMILY = "1,2";
				WRAPPER_EXTENSION = app;
			};
			name = Debug;
		};
		858B843218CA22B800AB12DE /* Release */ = {
			isa = XCBuildConfiguration;
			baseConfigurationReference = CDD59A271BB43B5D00EC2671 /* build-release.xcconfig */;
			buildSettings = {
				ARCHS = "$(ARCHS_STANDARD)";
				CODE_SIGN_ENTITLEMENTS = pcimobilepromo/pcimobilepromo.entitlements;
				"CODE_SIGN_IDENTITY[sdk=iphoneos*]" = "iPhone Developer";
				DEVELOPMENT_TEAM = G2SMTM65P8;
				ENABLE_BITCODE = NO;
				"ENABLE_HARDENED_RUNTIME[sdk=macosx*]" = YES;
				FRAMEWORK_SEARCH_PATHS = (
					"$(inherited)",
					"\"$(SRCROOT)/../../node_modules/@nativescript/core/platforms/ios\"",
					"\"$(SRCROOT)/../../node_modules/nativescript-ui-chart/platforms/ios\"",
					"\"$(SRCROOT)/../../node_modules/nativescript-ui-core/platforms/ios\"",
				);
				GCC_PRECOMPILE_PREFIX_HEADER = YES;
				GCC_PREFIX_HEADER = "pcimobilepromo/pcimobilepromo-Prefix.pch";
				HEADER_SEARCH_PATHS = (
					"$(inherited)",
					"$SRCROOT/internal/Swift-Modules",
					"$(SRCROOT)/internal",
					"\"$(SRCROOT)/../../app/App_Resources/iOS/src\"",
					"\"$(SRCROOT)/../../node_modules/@nativescript/core/platforms/ios/src\"",
					"\"$(SRCROOT)/../../node_modules/nativescript-fingerprint-auth/platforms/ios/src\"",
					"\"$(SRCROOT)/../../node_modules/nativescript-iqkeyboardmanager/platforms/ios/src\"",
					"\"$(SRCROOT)/../../node_modules/nativescript-ui-chart/platforms/ios/src\"",
					"\"$(SRCROOT)/../../node_modules/@proplugins/nativescript-dom/platforms/ios/src\"",
					"\"$(SRCROOT)/../../node_modules/nativescript-ui-core/platforms/ios/src\"",
				);
				INFOPLIST_FILE = "$(SRCROOT)/pcimobilepromo/pcimobilepromo-Info.plist";
				LD_RUNPATH_SEARCH_PATHS = "$(inherited) @executable_path/Frameworks";
				PRODUCT_BUNDLE_IDENTIFIER = "net.pciaa.profile";
				PRODUCT_NAME = pcimobilepromo;
				TARGETED_DEVICE_FAMILY = "1,2";
				WRAPPER_EXTENSION = app;
			};
			name = Release;
		};
/* End XCBuildConfiguration section */

/* Begin XCConfigurationList section */
		858B832918CA111C00AB12DE /* Build configuration list for PBXProject "pcimobilepromo" */ = {
			isa = XCConfigurationList;
			buildConfigurations = (
				858B835818CA111C00AB12DE /* Debug */,
				858B835918CA111C00AB12DE /* Release */,
			);
			defaultConfigurationIsVisible = 0;
			defaultConfigurationName = Release;
		};
		858B843018CA22B800AB12DE /* Build configuration list for PBXNativeTarget "pcimobilepromo" */ = {
			isa = XCConfigurationList;
			buildConfigurations = (
				858B843118CA22B800AB12DE /* Debug */,
				858B843218CA22B800AB12DE /* Release */,
			);
			defaultConfigurationIsVisible = 0;
			defaultConfigurationName = Release;
		};
/* End XCConfigurationList section */
	};
	rootObject = 858B832618CA111C00AB12DE /* Project object */;
}
