// !$*UTF8*$!
{
	archiveVersion = 1;
	classes = {
	};
	objectVersion = 46;
	objects = {

/* Begin PBXBuildFile section */
		0B5AA798D6B1409EAE546014 /* TNSWidgets.framework in Frameworks */ = {isa = PBXBuildFile; fileRef = 1781064DFBCC449BB01ED46A /* TNSWidgets.framework */; };
		168127F65953413BBE7B7FB7 /* build.xcconfig in Resources */ = {isa = PBXBuildFile; fileRef = 0E2CFCE6A48E4F0BBF829C0A /* build.xcconfig */; };
		16A3FE13B2B6467F874722C8 /* login.png in Resources */ = {isa = PBXBuildFile; fileRef = 79E74FAA29E04E2C87A5ABD2 /* login.png */; };
		18C7D3AD55F141179538909C /* password.png in Resources */ = {isa = PBXBuildFile; fileRef = 8C56D6DD67AA4FB7AF2C6EA3 /* password.png */; };
		369F8D573FEB42189D2826C5 /* TNSChart.framework in Frameworks */ = {isa = PBXBuildFile; fileRef = 8E561A4BEAD641248E041364 /* TNSChart.framework */; };
		39940D9122C4EF600050DDE1 /* NativeScript.xcframework in Embed Frameworks */ = {isa = PBXBuildFile; fileRef = 39940D8C22C4EAAA0050DDE1 /* NativeScript.xcframework */; settings = {ATTRIBUTES = (CodeSignOnCopy, RemoveHeadersOnCopy, ); }; };
		39940E1C22C5DFFF0050DDE1 /* TKLiveSync.xcframework in Embed Frameworks */ = {isa = PBXBuildFile; fileRef = 39940E1B22C5DFFF0050DDE1 /* TKLiveSync.xcframework */; settings = {ATTRIBUTES = (CodeSignOnCopy, RemoveHeadersOnCopy, ); }; };
		41D87C71653D4484B5D7681D /* login@3x.png in Resources */ = {isa = PBXBuildFile; fileRef = B04C1342F4D549A687D94A22 /* login@3x.png */; };
		461207736320430D9E9120E7 /* email@2x.png in Resources */ = {isa = PBXBuildFile; fileRef = 53F671EA9D024B959CC55DEA /* email@2x.png */; };
		48E6749B6B1F492F858FFB19 /* email@3x.png in Resources */ = {isa = PBXBuildFile; fileRef = E29F43E057944F048002C0BD /* email@3x.png */; };
		4F4AC4731A0B482A9B6A7E1D /* TNSCore.framework in Frameworks */ = {isa = PBXBuildFile; fileRef = 40CFBD71AEF94A698B063472 /* TNSCore.framework */; };
		56E77C03B7074CF3A8B99747 /* NativeScriptEmbedder.m in Sources */ = {isa = PBXBuildFile; fileRef = 3B8186EE43A74ED4A96377FB /* NativeScriptEmbedder.m */; };
		62A90A91B3504263B52010A1 /* password@2x.png in Resources */ = {isa = PBXBuildFile; fileRef = 82B819C666034C719E6FEB89 /* password@2x.png */; };
		6550F4FBC42445C09FAD9716 /* password@3x.png in Resources */ = {isa = PBXBuildFile; fileRef = 6F0C39C04B9D4CF2B6CACC3B /* password@3x.png */; };
		6C4BDB16EA40482A9F6C7B57 /* LaunchScreen.storyboard in Resources */ = {isa = PBXBuildFile; fileRef = 55E3BB29441E4B3B80C93F4D /* LaunchScreen.storyboard */; };
		72E6904E2231493EAC91AB0F /* login@2x.png in Resources */ = {isa = PBXBuildFile; fileRef = 8242E370DE104605B9F0EC94 /* login@2x.png */; };
		756FBCC0F22E4F5295259CC3 /* TNSWidgets.framework in Embed Frameworks */ = {isa = PBXBuildFile; fileRef = 1781064DFBCC449BB01ED46A /* TNSWidgets.framework */; settings = {ATTRIBUTES = (CodeSignOnCopy, ); }; };
		7FA694AED34B0EDCFB5F16D7 /* Pods_ProMo.framework in Frameworks */ = {isa = PBXBuildFile; fileRef = AC981A18FC404DC207CB4ED0 /* Pods_ProMo.framework */; };
		858B842D18CA22B800AB12DE /* InfoPlist.strings in Resources */ = {isa = PBXBuildFile; fileRef = 858B833A18CA111C00AB12DE /* InfoPlist.strings */; };
		9DE940AA01154741BCEA8E58 /* Assets.xcassets in Resources */ = {isa = PBXBuildFile; fileRef = AECFB4D9D1E847A69DBE76CD /* Assets.xcassets */; };
		CD45EE7C18DC2D5800FB50C0 /* app in Resources */ = {isa = PBXBuildFile; fileRef = CD45EE7A18DC2D5800FB50C0 /* app */; };
		CD62955D1BB2678900AE3A93 /* main.m in Sources */ = {isa = PBXBuildFile; fileRef = CD62955C1BB2678900AE3A93 /* main.m */; };
		D69D7380E989460CB924670D /* email.png in Resources */ = {isa = PBXBuildFile; fileRef = 495F2F9902D042109BE3CD2F /* email.png */; };
		F63D76008F834D45ABCDAF62 /* TNSChart.framework in Embed Frameworks */ = {isa = PBXBuildFile; fileRef = 8E561A4BEAD641248E041364 /* TNSChart.framework */; settings = {ATTRIBUTES = (CodeSignOnCopy, ); }; };
		FBE22270B3F84B78B29A0D6B /* TNSCore.framework in Embed Frameworks */ = {isa = PBXBuildFile; fileRef = 40CFBD71AEF94A698B063472 /* TNSCore.framework */; settings = {ATTRIBUTES = (CodeSignOnCopy, ); }; };
/* End PBXBuildFile section */

/* Begin PBXCopyFilesBuildPhase section */
		85F5BDFC1A9363BE006B9701 /* Embed Frameworks */ = {
			isa = PBXCopyFilesBuildPhase;
			buildActionMask = 2147483647;
			dstPath = "";
			dstSubfolderSpec = 10;
			files = (
				39940D9122C4EF600050DDE1 /* NativeScript.xcframework in Embed Frameworks */,
				39940E1C22C5DFFF0050DDE1 /* TKLiveSync.xcframework in Embed Frameworks */,
				756FBCC0F22E4F5295259CC3 /* TNSWidgets.framework in Embed Frameworks */,
				F63D76008F834D45ABCDAF62 /* TNSChart.framework in Embed Frameworks */,
				FBE22270B3F84B78B29A0D6B /* TNSCore.framework in Embed Frameworks */,
			);
			name = "Embed Frameworks";
			runOnlyForDeploymentPostprocessing = 0;
		};
/* End PBXCopyFilesBuildPhase section */

/* Begin PBXFileReference section */
		0E2CFCE6A48E4F0BBF829C0A /* build.xcconfig */ = {isa = PBXFileReference; explicitFileType = undefined; fileEncoding = 4; includeInIndex = 0; lastKnownFileType = text.xcconfig; name = build.xcconfig; path = ProMo/Resources/build.xcconfig; sourceTree = "<group>"; };
		105A8790523D4F6E8599AF76 /* NativeScriptEmbedder.h */ = {isa = PBXFileReference; explicitFileType = undefined; fileEncoding = 4; includeInIndex = 0; lastKnownFileType = sourcecode.c.h; name = NativeScriptEmbedder.h; path = "../../node_modules/@nativescript/core/platforms/ios/src/NativeScriptEmbedder.h"; sourceTree = "<group>"; };
		1781064DFBCC449BB01ED46A /* TNSWidgets.framework */ = {isa = PBXFileReference; explicitFileType = undefined; fileEncoding = undefined; includeInIndex = 0; lastKnownFileType = wrapper.framework; name = TNSWidgets.framework; path = "$(SRCROOT)/../../node_modules/@nativescript/core/platforms/ios/TNSWidgets.framework"; sourceTree = "<group>"; };
		391174B521F1D7BF00BA2583 /* nativescript-build.xcconfig */ = {isa = PBXFileReference; fileEncoding = 4; lastKnownFileType = text.xcconfig; name = "nativescript-build.xcconfig"; path = "internal/nativescript-build.xcconfig"; sourceTree = SOURCE_ROOT; };
		391174B721F1D99900BA2583 /* plugins-release.xcconfig */ = {isa = PBXFileReference; fileEncoding = 4; lastKnownFileType = text.xcconfig; path = "plugins-release.xcconfig"; sourceTree = SOURCE_ROOT; };
		391174B821F1D99900BA2583 /* plugins-debug.xcconfig */ = {isa = PBXFileReference; fileEncoding = 4; lastKnownFileType = text.xcconfig; path = "plugins-debug.xcconfig"; sourceTree = SOURCE_ROOT; };
		39940D8122C4E84C0050DDE1 /* ProMo.entitlements */ = {isa = PBXFileReference; lastKnownFileType = text.plist.entitlements; path = ProMo.entitlements; sourceTree = "<group>"; };
		39940D8C22C4EAAA0050DDE1 /* NativeScript.xcframework */ = {isa = PBXFileReference; lastKnownFileType = wrapper.xcframework; name = NativeScript.xcframework; path = internal/NativeScript.xcframework; sourceTree = "<group>"; };
		39940E1B22C5DFFF0050DDE1 /* TKLiveSync.xcframework */ = {isa = PBXFileReference; lastKnownFileType = wrapper.xcframework; name = TKLiveSync.xcframework; path = internal/TKLiveSync.xcframework; sourceTree = "<group>"; };
		3B8186EE43A74ED4A96377FB /* NativeScriptEmbedder.m */ = {isa = PBXFileReference; explicitFileType = undefined; fileEncoding = 4; includeInIndex = 0; lastKnownFileType = sourcecode.c.objc; name = NativeScriptEmbedder.m; path = "../../node_modules/@nativescript/core/platforms/ios/src/NativeScriptEmbedder.m"; sourceTree = "<group>"; };
		40CFBD71AEF94A698B063472 /* TNSCore.framework */ = {isa = PBXFileReference; explicitFileType = undefined; fileEncoding = undefined; includeInIndex = 0; lastKnownFileType = wrapper.framework; name = TNSCore.framework; path = "$(SRCROOT)/../../node_modules/nativescript-ui-core/platforms/ios/TNSCore.framework"; sourceTree = "<group>"; };
		42C751E2232B769100186695 /* nativescript-pre-link */ = {isa = PBXFileReference; fileEncoding = 4; lastKnownFileType = text; name = "nativescript-pre-link"; path = "internal/nativescript-pre-link"; sourceTree = SOURCE_ROOT; };
		42C751E3232B769100186695 /* strip-dynamic-framework-architectures.sh */ = {isa = PBXFileReference; fileEncoding = 4; lastKnownFileType = text.script.sh; name = "strip-dynamic-framework-architectures.sh"; path = "internal/strip-dynamic-framework-architectures.sh"; sourceTree = SOURCE_ROOT; };
		42C751E4232B769100186695 /* nsld.sh */ = {isa = PBXFileReference; fileEncoding = 4; lastKnownFileType = text.script.sh; name = nsld.sh; path = internal/nsld.sh; sourceTree = SOURCE_ROOT; };
		42C751E5232B769100186695 /* nativescript-post-build */ = {isa = PBXFileReference; fileEncoding = 4; lastKnownFileType = text; name = "nativescript-post-build"; path = "internal/nativescript-post-build"; sourceTree = SOURCE_ROOT; };
		42C751E6232B769100186695 /* nativescript-pre-build */ = {isa = PBXFileReference; fileEncoding = 4; lastKnownFileType = text; name = "nativescript-pre-build"; path = "internal/nativescript-pre-build"; sourceTree = SOURCE_ROOT; };
		495F2F9902D042109BE3CD2F /* email.png */ = {isa = PBXFileReference; explicitFileType = undefined; fileEncoding = undefined; includeInIndex = 0; lastKnownFileType = image.png; name = email.png; path = ProMo/Resources/email.png; sourceTree = "<group>"; };
		53F671EA9D024B959CC55DEA /* email@2x.png */ = {isa = PBXFileReference; explicitFileType = undefined; fileEncoding = undefined; includeInIndex = 0; lastKnownFileType = image.png; name = "email@2x.png"; path = "ProMo/Resources/email@2x.png"; sourceTree = "<group>"; };
		55E3BB29441E4B3B80C93F4D /* LaunchScreen.storyboard */ = {isa = PBXFileReference; explicitFileType = undefined; fileEncoding = undefined; includeInIndex = 0; lastKnownFileType = unknown; name = LaunchScreen.storyboard; path = ProMo/Resources/LaunchScreen.storyboard; sourceTree = "<group>"; };
		6339C91948B4A9A10A1ABE92 /* Pods-ProMo.debug.xcconfig */ = {isa = PBXFileReference; includeInIndex = 1; lastKnownFileType = text.xcconfig; name = "Pods-ProMo.debug.xcconfig"; path = "Target Support Files/Pods-ProMo/Pods-ProMo.debug.xcconfig"; sourceTree = "<group>"; };
		6F0C39C04B9D4CF2B6CACC3B /* password@3x.png */ = {isa = PBXFileReference; explicitFileType = undefined; fileEncoding = undefined; includeInIndex = 0; lastKnownFileType = image.png; name = "password@3x.png"; path = "ProMo/Resources/password@3x.png"; sourceTree = "<group>"; };
		79E74FAA29E04E2C87A5ABD2 /* login.png */ = {isa = PBXFileReference; explicitFileType = undefined; fileEncoding = undefined; includeInIndex = 0; lastKnownFileType = image.png; name = login.png; path = ProMo/Resources/login.png; sourceTree = "<group>"; };
		8242E370DE104605B9F0EC94 /* login@2x.png */ = {isa = PBXFileReference; explicitFileType = undefined; fileEncoding = undefined; includeInIndex = 0; lastKnownFileType = image.png; name = "login@2x.png"; path = "ProMo/Resources/login@2x.png"; sourceTree = "<group>"; };
		82B819C666034C719E6FEB89 /* password@2x.png */ = {isa = PBXFileReference; explicitFileType = undefined; fileEncoding = undefined; includeInIndex = 0; lastKnownFileType = image.png; name = "password@2x.png"; path = "ProMo/Resources/password@2x.png"; sourceTree = "<group>"; };
		858B832E18CA111C00AB12DE /* ProMo.app */ = {isa = PBXFileReference; explicitFileType = wrapper.application; includeInIndex = 0; path = ProMo.app; sourceTree = BUILT_PRODUCTS_DIR; };
		858B833918CA111C00AB12DE /* ProMo-Info.plist */ = {isa = PBXFileReference; lastKnownFileType = text.plist.xml; path = "ProMo-Info.plist"; sourceTree = "<group>"; };
		858B833B18CA111C00AB12DE /* en */ = {isa = PBXFileReference; lastKnownFileType = text.plist.strings; name = en; path = en.lproj/InfoPlist.strings; sourceTree = "<group>"; };
		858B833F18CA111C00AB12DE /* ProMo-Prefix.pch */ = {isa = PBXFileReference; lastKnownFileType = sourcecode.c.h; path = "ProMo-Prefix.pch"; sourceTree = "<group>"; };
		858B843318CA22B800AB12DE /* ProMo.app */ = {isa = PBXFileReference; explicitFileType = wrapper.application; includeInIndex = 0; path = ProMo.app; sourceTree = BUILT_PRODUCTS_DIR; };
		8C56D6DD67AA4FB7AF2C6EA3 /* password.png */ = {isa = PBXFileReference; explicitFileType = undefined; fileEncoding = undefined; includeInIndex = 0; lastKnownFileType = image.png; name = password.png; path = ProMo/Resources/password.png; sourceTree = "<group>"; };
		8E561A4BEAD641248E041364 /* TNSChart.framework */ = {isa = PBXFileReference; explicitFileType = undefined; fileEncoding = undefined; includeInIndex = 0; lastKnownFileType = wrapper.framework; name = TNSChart.framework; path = "$(SRCROOT)/../../node_modules/nativescript-ui-chart/platforms/ios/TNSChart.framework"; sourceTree = "<group>"; };
		930F05DB22671AE300D269DC /* Swift-ObjC-Bridging-Header.h */ = {isa = PBXFileReference; lastKnownFileType = sourcecode.c.h; name = "Swift-ObjC-Bridging-Header.h"; path = "internal/Swift-ObjC-Bridging-Header.h"; sourceTree = SOURCE_ROOT; };
		AC981A18FC404DC207CB4ED0 /* Pods_ProMo.framework */ = {isa = PBXFileReference; explicitFileType = wrapper.framework; includeInIndex = 0; path = Pods_ProMo.framework; sourceTree = BUILT_PRODUCTS_DIR; };
		AECFB4D9D1E847A69DBE76CD /* Assets.xcassets */ = {isa = PBXFileReference; explicitFileType = undefined; fileEncoding = undefined; includeInIndex = 0; lastKnownFileType = folder.assetcatalog; name = Assets.xcassets; path = ProMo/Resources/Assets.xcassets; sourceTree = "<group>"; };
		B04C1342F4D549A687D94A22 /* login@3x.png */ = {isa = PBXFileReference; explicitFileType = undefined; fileEncoding = undefined; includeInIndex = 0; lastKnownFileType = image.png; name = "login@3x.png"; path = "ProMo/Resources/login@3x.png"; sourceTree = "<group>"; };
		B0A790C457D6FC8AB5C01496 /* Pods-ProMo.release.xcconfig */ = {isa = PBXFileReference; includeInIndex = 1; lastKnownFileType = text.xcconfig; name = "Pods-ProMo.release.xcconfig"; path = "Target Support Files/Pods-ProMo/Pods-ProMo.release.xcconfig"; sourceTree = "<group>"; };
		CD45EE7A18DC2D5800FB50C0 /* app */ = {isa = PBXFileReference; lastKnownFileType = folder; path = app; sourceTree = "<group>"; };
		CD62955C1BB2678900AE3A93 /* main.m */ = {isa = PBXFileReference; fileEncoding = 4; lastKnownFileType = sourcecode.c.objc; name = main.m; path = internal/main.m; sourceTree = SOURCE_ROOT; };
		CDD59A261BB43B5D00EC2671 /* build-debug.xcconfig */ = {isa = PBXFileReference; fileEncoding = 4; lastKnownFileType = text.xcconfig; path = "build-debug.xcconfig"; sourceTree = "<group>"; };
		CDD59A271BB43B5D00EC2671 /* build-release.xcconfig */ = {isa = PBXFileReference; fileEncoding = 4; lastKnownFileType = text.xcconfig; path = "build-release.xcconfig"; sourceTree = "<group>"; };
		CDF4743E1BA4855C0087EA85 /* build.xcconfig */ = {isa = PBXFileReference; fileEncoding = 4; lastKnownFileType = text.xcconfig; path = build.xcconfig; sourceTree = "<group>"; };
		E29F43E057944F048002C0BD /* email@3x.png */ = {isa = PBXFileReference; explicitFileType = undefined; fileEncoding = undefined; includeInIndex = 0; lastKnownFileType = image.png; name = "email@3x.png"; path = "ProMo/Resources/email@3x.png"; sourceTree = "<group>"; };
		FF838EDCED6144AC8CEAFA4F /* module.modulemap */ = {isa = PBXFileReference; explicitFileType = undefined; fileEncoding = undefined; includeInIndex = 0; lastKnownFileType = "sourcecode.module-map"; name = module.modulemap; path = "../../node_modules/@nativescript/core/platforms/ios/src/module.modulemap"; sourceTree = "<group>"; };
/* End PBXFileReference section */

/* Begin PBXFrameworksBuildPhase section */
		858B83F418CA22B800AB12DE /* Frameworks */ = {
			isa = PBXFrameworksBuildPhase;
			buildActionMask = 2147483647;
			files = (
				0B5AA798D6B1409EAE546014 /* TNSWidgets.framework in Frameworks */,
				369F8D573FEB42189D2826C5 /* TNSChart.framework in Frameworks */,
				4F4AC4731A0B482A9B6A7E1D /* TNSCore.framework in Frameworks */,
				7FA694AED34B0EDCFB5F16D7 /* Pods_ProMo.framework in Frameworks */,
			);
			runOnlyForDeploymentPostprocessing = 0;
		};
/* End PBXFrameworksBuildPhase section */

/* Begin PBXGroup section */
		1E75CD4EA7EB4EE28A1E6D47 /* nativescript-ui-chart */ = {
			isa = PBXGroup;
			children = (
			);
			name = "nativescript-ui-chart";
			sourceTree = "<group>";
		};
		39940D8E22C4EBCC0050DDE1 /* Sources */ = {
			isa = PBXGroup;
			children = (
				CD62955C1BB2678900AE3A93 /* main.m */,
				858B833F18CA111C00AB12DE /* ProMo-Prefix.pch */,
			);
			name = Sources;
			sourceTree = "<group>";
		};
		42C751E1232B767700186695 /* Build Scripts */ = {
			isa = PBXGroup;
			children = (
				42C751E5232B769100186695 /* nativescript-post-build */,
				42C751E6232B769100186695 /* nativescript-pre-build */,
				42C751E2232B769100186695 /* nativescript-pre-link */,
				42C751E4232B769100186695 /* nsld.sh */,
				42C751E3232B769100186695 /* strip-dynamic-framework-architectures.sh */,
			);
			name = "Build Scripts";
			sourceTree = "<group>";
		};
		4E6C1996309C45518AB92BB6 /* @nativescript/core */ = {
			isa = PBXGroup;
			children = (
				105A8790523D4F6E8599AF76 /* NativeScriptEmbedder.h */,
				3B8186EE43A74ED4A96377FB /* NativeScriptEmbedder.m */,
				FF838EDCED6144AC8CEAFA4F /* module.modulemap */,
			);
			name = "@nativescript/core";
			sourceTree = "<group>";
		};
		4E81AA5EA7CC4246BFB4BF68 /* TNSNativeSource */ = {
			isa = PBXGroup;
			children = (
			);
			name = TNSNativeSource;
			sourceTree = "<group>";
		};
		62204C2F170842D8B276E4DA /* nativescript-iqkeyboardmanager */ = {
			isa = PBXGroup;
			children = (
			);
			name = "nativescript-iqkeyboardmanager";
			sourceTree = "<group>";
		};
		6E3F8FA49A97444DA29B9D76 /* nativescript-ui-core */ = {
			isa = PBXGroup;
			children = (
			);
			name = "nativescript-ui-core";
			sourceTree = "<group>";
		};
		858B832518CA111C00AB12DE = {
			isa = PBXGroup;
			children = (
				E070579D1B39A9D000214BF1 /* Resources */,
				858B833718CA111C00AB12DE /* ProMo */,
				858B833018CA111C00AB12DE /* Frameworks */,
				858B832F18CA111C00AB12DE /* Products */,
				4E81AA5EA7CC4246BFB4BF68 /* TNSNativeSource */,
				4E6C1996309C45518AB92BB6 /* @nativescript/core */,
				C198067C193C4A28B4142301 /* nativescript-fingerprint-auth */,
				62204C2F170842D8B276E4DA /* nativescript-iqkeyboardmanager */,
				1E75CD4EA7EB4EE28A1E6D47 /* nativescript-ui-chart */,
				AAF2A0A6716F4F14821DE885 /* @proplugins/nativescript-dom */,
				6E3F8FA49A97444DA29B9D76 /* nativescript-ui-core */,
				B744E6194BC45CE13E42A926 /* Pods */,
			);
			sourceTree = "<group>";
		};
		858B832F18CA111C00AB12DE /* Products */ = {
			isa = PBXGroup;
			children = (
				858B832E18CA111C00AB12DE /* ProMo.app */,
				858B843318CA22B800AB12DE /* ProMo.app */,
			);
			name = Products;
			sourceTree = "<group>";
		};
		858B833018CA111C00AB12DE /* Frameworks */ = {
			isa = PBXGroup;
			children = (
				39940E1B22C5DFFF0050DDE1 /* TKLiveSync.xcframework */,
				39940D8C22C4EAAA0050DDE1 /* NativeScript.xcframework */,
				1781064DFBCC449BB01ED46A /* TNSWidgets.framework */,
				8E561A4BEAD641248E041364 /* TNSChart.framework */,
				40CFBD71AEF94A698B063472 /* TNSCore.framework */,
				AC981A18FC404DC207CB4ED0 /* Pods_ProMo.framework */,
			);
			name = Frameworks;
			sourceTree = "<group>";
		};
		858B833718CA111C00AB12DE /* ProMo */ = {
			isa = PBXGroup;
			children = (
				39940D8E22C4EBCC0050DDE1 /* Sources */,
				39940D8122C4E84C0050DDE1 /* ProMo.entitlements */,
				CD45EE7A18DC2D5800FB50C0 /* app */,
				858B833818CA111C00AB12DE /* Supporting Files */,
			);
			path = ProMo;
			sourceTree = "<group>";
		};
		858B833818CA111C00AB12DE /* Supporting Files */ = {
			isa = PBXGroup;
			children = (
				42C751E1232B767700186695 /* Build Scripts */,
				391174B821F1D99900BA2583 /* plugins-debug.xcconfig */,
				391174B721F1D99900BA2583 /* plugins-release.xcconfig */,
				CDF4743E1BA4855C0087EA85 /* build.xcconfig */,
				CDD59A261BB43B5D00EC2671 /* build-debug.xcconfig */,
				CDD59A271BB43B5D00EC2671 /* build-release.xcconfig */,
				391174B521F1D7BF00BA2583 /* nativescript-build.xcconfig */,
				858B833918CA111C00AB12DE /* ProMo-Info.plist */,
				858B833A18CA111C00AB12DE /* InfoPlist.strings */,
				930F05DB22671AE300D269DC /* Swift-ObjC-Bridging-Header.h */,
			);
			name = "Supporting Files";
			sourceTree = "<group>";
		};
		AAF2A0A6716F4F14821DE885 /* @proplugins/nativescript-dom */ = {
			isa = PBXGroup;
			children = (
			);
			name = "@proplugins/nativescript-dom";
			sourceTree = "<group>";
		};
		B744E6194BC45CE13E42A926 /* Pods */ = {
			isa = PBXGroup;
			children = (
				6339C91948B4A9A10A1ABE92 /* Pods-ProMo.debug.xcconfig */,
				B0A790C457D6FC8AB5C01496 /* Pods-ProMo.release.xcconfig */,
			);
			name = Pods;
			path = Pods;
			sourceTree = "<group>";
		};
		C198067C193C4A28B4142301 /* nativescript-fingerprint-auth */ = {
			isa = PBXGroup;
			children = (
			);
			name = "nativescript-fingerprint-auth";
			sourceTree = "<group>";
		};
		E070579D1B39A9D000214BF1 /* Resources */ = {
			isa = PBXGroup;
			children = (
				AECFB4D9D1E847A69DBE76CD /* Assets.xcassets */,
				55E3BB29441E4B3B80C93F4D /* LaunchScreen.storyboard */,
				0E2CFCE6A48E4F0BBF829C0A /* build.xcconfig */,
				495F2F9902D042109BE3CD2F /* email.png */,
				53F671EA9D024B959CC55DEA /* email@2x.png */,
				E29F43E057944F048002C0BD /* email@3x.png */,
				79E74FAA29E04E2C87A5ABD2 /* login.png */,
				8242E370DE104605B9F0EC94 /* login@2x.png */,
				B04C1342F4D549A687D94A22 /* login@3x.png */,
				8C56D6DD67AA4FB7AF2C6EA3 /* password.png */,
				82B819C666034C719E6FEB89 /* password@2x.png */,
				6F0C39C04B9D4CF2B6CACC3B /* password@3x.png */,
			);
			name = Resources;
			sourceTree = "<group>";
		};
/* End PBXGroup section */

/* Begin PBXNativeTarget section */
		858B83EF18CA22B800AB12DE /* ProMo */ = {
			isa = PBXNativeTarget;
			buildConfigurationList = 858B843018CA22B800AB12DE /* Build configuration list for PBXNativeTarget "ProMo" */;
			buildPhases = (
				6A03C9783AF59F52500DA248 /* [CP] Check Pods Manifest.lock */,
				C97FD7AC1ADE5369004DB2A4 /* NativeScript PreBuild */,
				858B83F218CA22B800AB12DE /* Sources */,
				CD62955B1BB2651D00AE3A93 /* NativeScript PreLink */,
				858B83F418CA22B800AB12DE /* Frameworks */,
				858B842C18CA22B800AB12DE /* Resources */,
				85F5BDFC1A9363BE006B9701 /* Embed Frameworks */,
				CD3EAD351B05FF060042DBFC /* NativeScript PostBuild */,
				EB2CCE1576FFAB2997C93A3D /* [CP] Embed Pods Frameworks */,
			);
			buildRules = (
			);
			dependencies = (
			);
			name = ProMo;
			productName = JDBridgeApp;
			productReference = 858B843318CA22B800AB12DE /* ProMo.app */;
			productType = "com.apple.product-type.application";
		};
/* End PBXNativeTarget section */

/* Begin PBXProject section */
		858B832618CA111C00AB12DE /* Project object */ = {
			isa = PBXProject;
			attributes = {
				CLASSPREFIX = TNS;
				LastUpgradeCheck = 500;
				ORGANIZATIONNAME = Telerik;
				TargetAttributes = {
					858B83EF18CA22B800AB12DE = {
						DevelopmentTeam = G2SMTM65P8;
						ProvisioningStyle = Automatic;
					};
				};
			};
			buildConfigurationList = 858B832918CA111C00AB12DE /* Build configuration list for PBXProject "ProMo" */;
			compatibilityVersion = "Xcode 3.2";
			developmentRegion = English;
			hasScannedForEncodings = 0;
			knownRegions = (
				English,
				en,
			);
			mainGroup = 858B832518CA111C00AB12DE;
			productRefGroup = 858B832F18CA111C00AB12DE /* Products */;
			projectDirPath = "";
			projectRoot = "";
			targets = (
				858B83EF18CA22B800AB12DE /* ProMo */,
			);
		};
/* End PBXProject section */

/* Begin PBXResourcesBuildPhase section */
		858B842C18CA22B800AB12DE /* Resources */ = {
			isa = PBXResourcesBuildPhase;
			buildActionMask = 2147483647;
			files = (
				CD45EE7C18DC2D5800FB50C0 /* app in Resources */,
				858B842D18CA22B800AB12DE /* InfoPlist.strings in Resources */,
				9DE940AA01154741BCEA8E58 /* Assets.xcassets in Resources */,
				6C4BDB16EA40482A9F6C7B57 /* LaunchScreen.storyboard in Resources */,
				168127F65953413BBE7B7FB7 /* build.xcconfig in Resources */,
				D69D7380E989460CB924670D /* email.png in Resources */,
				461207736320430D9E9120E7 /* email@2x.png in Resources */,
				48E6749B6B1F492F858FFB19 /* email@3x.png in Resources */,
				16A3FE13B2B6467F874722C8 /* login.png in Resources */,
				72E6904E2231493EAC91AB0F /* login@2x.png in Resources */,
				41D87C71653D4484B5D7681D /* login@3x.png in Resources */,
				18C7D3AD55F141179538909C /* password.png in Resources */,
				62A90A91B3504263B52010A1 /* password@2x.png in Resources */,
				6550F4FBC42445C09FAD9716 /* password@3x.png in Resources */,
			);
			runOnlyForDeploymentPostprocessing = 0;
		};
/* End PBXResourcesBuildPhase section */

/* Begin PBXShellScriptBuildPhase section */
		6A03C9783AF59F52500DA248 /* [CP] Check Pods Manifest.lock */ = {
			isa = PBXShellScriptBuildPhase;
			buildActionMask = 2147483647;
			files = (
			);
			inputFileListPaths = (
			);
			inputPaths = (
				"${PODS_PODFILE_DIR_PATH}/Podfile.lock",
				"${PODS_ROOT}/Manifest.lock",
			);
			name = "[CP] Check Pods Manifest.lock";
			outputFileListPaths = (
			);
			outputPaths = (
				"$(DERIVED_FILE_DIR)/Pods-ProMo-checkManifestLockResult.txt",
			);
			runOnlyForDeploymentPostprocessing = 0;
			shellPath = /bin/sh;
			shellScript = "diff \"${PODS_PODFILE_DIR_PATH}/Podfile.lock\" \"${PODS_ROOT}/Manifest.lock\" > /dev/null\nif [ $? != 0 ] ; then\n    # print error to STDERR\n    echo \"error: The sandbox is not in sync with the Podfile.lock. Run 'pod install' or update your CocoaPods installation.\" >&2\n    exit 1\nfi\n# This output is used by Xcode 'outputs' to avoid re-running this script phase.\necho \"SUCCESS\" > \"${SCRIPT_OUTPUT_FILE_0}\"\n";
			showEnvVarsInLog = 0;
		};
		C97FD7AC1ADE5369004DB2A4 /* NativeScript PreBuild */ = {
			isa = PBXShellScriptBuildPhase;
			buildActionMask = 2147483647;
			files = (
			);
			inputPaths = (
			);
			name = "NativeScript PreBuild";
			outputPaths = (
			);
			runOnlyForDeploymentPostprocessing = 0;
			shellPath = /bin/sh;
			shellScript = "\"$SRCROOT/internal/nativescript-pre-build\"\n";
			showEnvVarsInLog = 0;
		};
		CD3EAD351B05FF060042DBFC /* NativeScript PostBuild */ = {
			isa = PBXShellScriptBuildPhase;
			buildActionMask = 2147483647;
			files = (
			);
			inputPaths = (
			);
			name = "NativeScript PostBuild";
			outputPaths = (
			);
			runOnlyForDeploymentPostprocessing = 0;
			shellPath = /bin/sh;
			shellScript = "\"$SRCROOT/internal/nativescript-post-build\"";
			showEnvVarsInLog = 0;
		};
		CD62955B1BB2651D00AE3A93 /* NativeScript PreLink */ = {
			isa = PBXShellScriptBuildPhase;
			buildActionMask = 2147483647;
			files = (
			);
			inputPaths = (
			);
			name = "NativeScript PreLink";
			outputPaths = (
			);
			runOnlyForDeploymentPostprocessing = 0;
			shellPath = /bin/sh;
			shellScript = "\"$SRCROOT/internal/nativescript-pre-link\"";
			showEnvVarsInLog = 0;
		};
		EB2CCE1576FFAB2997C93A3D /* [CP] Embed Pods Frameworks */ = {
			isa = PBXShellScriptBuildPhase;
			buildActionMask = 2147483647;
			files = (
			);
			inputPaths = (
				"${PODS_ROOT}/Target Support Files/Pods-ProMo/Pods-ProMo-frameworks.sh",
				"${BUILT_PRODUCTS_DIR}/IQKeyboardManager/IQKeyboardManager.framework",
				"${BUILT_PRODUCTS_DIR}/MDFInternationalization/MDFInternationalization.framework",
				"${BUILT_PRODUCTS_DIR}/MaterialComponents/MaterialComponents.framework",
			);
			name = "[CP] Embed Pods Frameworks";
			outputPaths = (
				"${TARGET_BUILD_DIR}/${FRAMEWORKS_FOLDER_PATH}/IQKeyboardManager.framework",
				"${TARGET_BUILD_DIR}/${FRAMEWORKS_FOLDER_PATH}/MDFInternationalization.framework",
				"${TARGET_BUILD_DIR}/${FRAMEWORKS_FOLDER_PATH}/MaterialComponents.framework",
			);
			runOnlyForDeploymentPostprocessing = 0;
			shellPath = /bin/sh;
			shellScript = "\"${PODS_ROOT}/Target Support Files/Pods-ProMo/Pods-ProMo-frameworks.sh\"\n";
			showEnvVarsInLog = 0;
		};
/* End PBXShellScriptBuildPhase section */

/* Begin PBXSourcesBuildPhase section */
		858B83F218CA22B800AB12DE /* Sources */ = {
			isa = PBXSourcesBuildPhase;
			buildActionMask = 2147483647;
			files = (
				CD62955D1BB2678900AE3A93 /* main.m in Sources */,
				56E77C03B7074CF3A8B99747 /* NativeScriptEmbedder.m in Sources */,
			);
			runOnlyForDeploymentPostprocessing = 0;
		};
/* End PBXSourcesBuildPhase section */

/* Begin PBXVariantGroup section */
		858B833A18CA111C00AB12DE /* InfoPlist.strings */ = {
			isa = PBXVariantGroup;
			children = (
				858B833B18CA111C00AB12DE /* en */,
			);
			name = InfoPlist.strings;
			sourceTree = "<group>";
		};
/* End PBXVariantGroup section */

/* Begin XCBuildConfiguration section */
		858B835818CA111C00AB12DE /* Debug */ = {
			isa = XCBuildConfiguration;
			buildSettings = {
				ALWAYS_SEARCH_USER_PATHS = NO;
				ARCHS = "$(ARCHS_STANDARD)";
				CLANG_CXX_LANGUAGE_STANDARD = "gnu++0x";
				CLANG_CXX_LIBRARY = "libc++";
				CLANG_ENABLE_MODULES = YES;
				CLANG_ENABLE_OBJC_ARC = YES;
				CLANG_WARN_BOOL_CONVERSION = YES;
				CLANG_WARN_CONSTANT_CONVERSION = YES;
				CLANG_WARN_DIRECT_OBJC_ISA_USAGE = YES_ERROR;
				CLANG_WARN_EMPTY_BODY = YES;
				CLANG_WARN_ENUM_CONVERSION = YES;
				CLANG_WARN_INT_CONVERSION = YES;
				CLANG_WARN_OBJC_ROOT_CLASS = YES_ERROR;
				CLANG_WARN__DUPLICATE_METHOD_MATCH = YES;
				"CODE_SIGN_IDENTITY[sdk=iphoneos*]" = "iPhone Developer";
				COPY_PHASE_STRIP = NO;
				DERIVE_UIKITFORMAC_PRODUCT_BUNDLE_IDENTIFIER = YES;
				GCC_C_LANGUAGE_STANDARD = gnu99;
				GCC_DYNAMIC_NO_PIC = NO;
				GCC_OPTIMIZATION_LEVEL = 0;
				GCC_SYMBOLS_PRIVATE_EXTERN = NO;
				GCC_WARN_64_TO_32_BIT_CONVERSION = YES;
				GCC_WARN_ABOUT_RETURN_TYPE = YES_ERROR;
				GCC_WARN_UNDECLARED_SELECTOR = YES;
				GCC_WARN_UNINITIALIZED_AUTOS = YES;
				GCC_WARN_UNUSED_FUNCTION = YES;
				GCC_WARN_UNUSED_VARIABLE = YES;
				IPHONEOS_DEPLOYMENT_TARGET = 9.0;
				ONLY_ACTIVE_ARCH = YES;
				SDKROOT = iphoneos;
				STRIP_SWIFT_SYMBOLS = NO;
				SUPPORTS_UIKITFORMAC = YES;
				SWIFT_OBJC_BRIDGING_HEADER = "$SRCROOT/internal/Swift-ObjC-Bridging-Header.h";
				SWIFT_VERSION = 4.2;
				TARGETED_DEVICE_FAMILY = "1,2";
			};
			name = Debug;
		};
		858B835918CA111C00AB12DE /* Release */ = {
			isa = XCBuildConfiguration;
			buildSettings = {
				ALWAYS_SEARCH_USER_PATHS = NO;
				ARCHS = "$(ARCHS_STANDARD)";
				CLANG_CXX_LANGUAGE_STANDARD = "gnu++0x";
				CLANG_CXX_LIBRARY = "libc++";
				CLANG_ENABLE_MODULES = YES;
				CLANG_ENABLE_OBJC_ARC = YES;
				CLANG_WARN_BOOL_CONVERSION = YES;
				CLANG_WARN_CONSTANT_CONVERSION = YES;
				CLANG_WARN_DIRECT_OBJC_ISA_USAGE = YES_ERROR;
				CLANG_WARN_EMPTY_BODY = YES;
				CLANG_WARN_ENUM_CONVERSION = YES;
				CLANG_WARN_INT_CONVERSION = YES;
				CLANG_WARN_OBJC_ROOT_CLASS = YES_ERROR;
				CLANG_WARN__DUPLICATE_METHOD_MATCH = YES;
				"CODE_SIGN_IDENTITY[sdk=iphoneos*]" = "iPhone Developer";
				COPY_PHASE_STRIP = YES;
				DERIVE_UIKITFORMAC_PRODUCT_BUNDLE_IDENTIFIER = YES;
				ENABLE_NS_ASSERTIONS = NO;
				GCC_C_LANGUAGE_STANDARD = gnu99;
				GCC_WARN_64_TO_32_BIT_CONVERSION = YES;
				GCC_WARN_ABOUT_RETURN_TYPE = YES_ERROR;
				GCC_WARN_UNDECLARED_SELECTOR = YES;
				GCC_WARN_UNINITIALIZED_AUTOS = YES;
				GCC_WARN_UNUSED_FUNCTION = YES;
				GCC_WARN_UNUSED_VARIABLE = YES;
				IPHONEOS_DEPLOYMENT_TARGET = 9.0;
				SDKROOT = iphoneos;
				STRIP_SWIFT_SYMBOLS = NO;
				SUPPORTS_UIKITFORMAC = YES;
				SWIFT_OBJC_BRIDGING_HEADER = "$SRCROOT/internal/Swift-ObjC-Bridging-Header.h";
				SWIFT_VERSION = 4.2;
				TARGETED_DEVICE_FAMILY = "1,2";
				VALIDATE_PRODUCT = YES;
			};
			name = Release;
		};
		858B843118CA22B800AB12DE /* Debug */ = {
			isa = XCBuildConfiguration;
			baseConfigurationReference = CDD59A261BB43B5D00EC2671 /* build-debug.xcconfig */;
			buildSettings = {
				ARCHS = "$(ARCHS_STANDARD)";
				CODE_SIGN_ENTITLEMENTS = ProMo/ProMo.entitlements;
				"CODE_SIGN_IDENTITY[sdk=iphoneos*]" = "iPhone Developer";
				DEVELOPMENT_TEAM = G2SMTM65P8;
				ENABLE_BITCODE = NO;
				"ENABLE_HARDENED_RUNTIME[sdk=macosx*]" = YES;
				FRAMEWORK_SEARCH_PATHS = (
					"$(inherited)",
					"\"$(SRCROOT)/../../node_modules/@nativescript/core/platforms/ios\"",
					"\"$(SRCROOT)/../../node_modules/nativescript-ui-chart/platforms/ios\"",
					"\"$(SRCROOT)/../../node_modules/nativescript-ui-core/platforms/ios\"",
				);
				GCC_PRECOMPILE_PREFIX_HEADER = YES;
				GCC_PREFIX_HEADER = "ProMo/ProMo-Prefix.pch";
				GCC_PREPROCESSOR_DEFINITIONS = (
					"$(inherited)",
					"DEBUG=1",
				);
				HEADER_SEARCH_PATHS = (
					"$(inherited)",
					"\"$SRCROOT/internal/Swift-Modules\"",
					"\"$(SRCROOT)/internal\"",
					"\"$(SRCROOT)/../../app/App_Resources/iOS/src\"",
					"\"$(SRCROOT)/../../node_modules/@nativescript/core/platforms/ios/src\"",
					"\"$(SRCROOT)/../../node_modules/nativescript-fingerprint-auth/platforms/ios/src\"",
					"\"$(SRCROOT)/../../node_modules/nativescript-iqkeyboardmanager/platforms/ios/src\"",
					"\"$(SRCROOT)/../../node_modules/nativescript-ui-chart/platforms/ios/src\"",
					"\"$(SRCROOT)/../../node_modules/@proplugins/nativescript-dom/platforms/ios/src\"",
					"\"$(SRCROOT)/../../node_modules/nativescript-ui-core/platforms/ios/src\"",
				);
				INFOPLIST_FILE = "$(SRCROOT)/ProMo/ProMo-Info.plist";
				LD_RUNPATH_SEARCH_PATHS = "$(inherited) @executable_path/Frameworks";
				PRODUCT_BUNDLE_IDENTIFIER = net.pciaa.profile;
				PRODUCT_NAME = ProMo;
				TARGETED_DEVICE_FAMILY = "1,2";
				WRAPPER_EXTENSION = app;
			};
			name = Debug;
		};
		858B843218CA22B800AB12DE /* Release */ = {
			isa = XCBuildConfiguration;
			baseConfigurationReference = CDD59A271BB43B5D00EC2671 /* build-release.xcconfig */;
			buildSettings = {
				ARCHS = "$(ARCHS_STANDARD)";
				CODE_SIGN_ENTITLEMENTS = ProMo/ProMo.entitlements;
				"CODE_SIGN_IDENTITY[sdk=iphoneos*]" = "iPhone Developer";
				DEVELOPMENT_TEAM = G2SMTM65P8;
				ENABLE_BITCODE = NO;
				"ENABLE_HARDENED_RUNTIME[sdk=macosx*]" = YES;
				FRAMEWORK_SEARCH_PATHS = (
					"$(inherited)",
					"\"$(SRCROOT)/../../node_modules/@nativescript/core/platforms/ios\"",
					"\"$(SRCROOT)/../../node_modules/nativescript-ui-chart/platforms/ios\"",
					"\"$(SRCROOT)/../../node_modules/nativescript-ui-core/platforms/ios\"",
				);
				GCC_PRECOMPILE_PREFIX_HEADER = YES;
				GCC_PREFIX_HEADER = "ProMo/ProMo-Prefix.pch";
				HEADER_SEARCH_PATHS = (
					"$(inherited)",
					"$SRCROOT/internal/Swift-Modules",
					"$(SRCROOT)/internal",
					"\"$(SRCROOT)/../../app/App_Resources/iOS/src\"",
					"\"$(SRCROOT)/../../node_modules/@nativescript/core/platforms/ios/src\"",
					"\"$(SRCROOT)/../../node_modules/nativescript-fingerprint-auth/platforms/ios/src\"",
					"\"$(SRCROOT)/../../node_modules/nativescript-iqkeyboardmanager/platforms/ios/src\"",
					"\"$(SRCROOT)/../../node_modules/nativescript-ui-chart/platforms/ios/src\"",
					"\"$(SRCROOT)/../../node_modules/@proplugins/nativescript-dom/platforms/ios/src\"",
					"\"$(SRCROOT)/../../node_modules/nativescript-ui-core/platforms/ios/src\"",
				);
				INFOPLIST_FILE = "$(SRCROOT)/ProMo/ProMo-Info.plist";
				LD_RUNPATH_SEARCH_PATHS = "$(inherited) @executable_path/Frameworks";
				PRODUCT_BUNDLE_IDENTIFIER = net.pciaa.profile;
				PRODUCT_NAME = ProMo;
				TARGETED_DEVICE_FAMILY = "1,2";
				WRAPPER_EXTENSION = app;
			};
			name = Release;
		};
/* End XCBuildConfiguration section */

/* Begin XCConfigurationList section */
		858B832918CA111C00AB12DE /* Build configuration list for PBXProject "ProMo" */ = {
			isa = XCConfigurationList;
			buildConfigurations = (
				858B835818CA111C00AB12DE /* Debug */,
				858B835918CA111C00AB12DE /* Release */,
			);
			defaultConfigurationIsVisible = 0;
			defaultConfigurationName = Release;
		};
		858B843018CA22B800AB12DE /* Build configuration list for PBXNativeTarget "ProMo" */ = {
			isa = XCConfigurationList;
			buildConfigurations = (
				858B843118CA22B800AB12DE /* Debug */,
				858B843218CA22B800AB12DE /* Release */,
			);
			defaultConfigurationIsVisible = 0;
			defaultConfigurationName = Release;
		};
/* End XCConfigurationList section */
	};
	rootObject = 858B832618CA111C00AB12DE /* Project object */;
}
