// !$*UTF8*$!
{
	archiveVersion = 1;
	classes = {
	};
	objectVersion = 46;
	objects = {

/* Begin PBXBuildFile section */
		0854B72460C445A192C47916 /* password@3x.png in Resources */ = {isa = PBXBuildFile; fileRef = 0354F2584FE549B083EDB11A /* password@3x.png */; };
		1B9EC2C1FECA4966BF663B99 /* TNSWidgets.framework in Embed Frameworks */ = {isa = PBXBuildFile; fileRef = B269B4C1DA774A34B47D059E /* TNSWidgets.framework */; settings = {ATTRIBUTES = (CodeSignOnCopy, ); }; };
		1E83173C3CA84322848DBAA9 /* NativeScriptEmbedder.m in Sources */ = {isa = PBXBuildFile; fileRef = 813D71008D89493E97670209 /* NativeScriptEmbedder.m */; };
		3892F252100B49779D85A0E1 /* login@2x.png in Resources */ = {isa = PBXBuildFile; fileRef = 2EAEBB7AA03D4D9390AB6A66 /* login@2x.png */; };
		39940D9122C4EF600050DDE1 /* NativeScript.xcframework in Embed Frameworks */ = {isa = PBXBuildFile; fileRef = 39940D8C22C4EAAA0050DDE1 /* NativeScript.xcframework */; settings = {ATTRIBUTES = (CodeSignOnCopy, RemoveHeadersOnCopy, ); }; };
		39940E1C22C5DFFF0050DDE1 /* TKLiveSync.xcframework in Embed Frameworks */ = {isa = PBXBuildFile; fileRef = 39940E1B22C5DFFF0050DDE1 /* TKLiveSync.xcframework */; settings = {ATTRIBUTES = (CodeSignOnCopy, RemoveHeadersOnCopy, ); }; };
		4940BF2665CF42C988FCF3C6 /* TNSCore.framework in Frameworks */ = {isa = PBXBuildFile; fileRef = 03027761588046FC97AB6052 /* TNSCore.framework */; };
		5D0D440337D548F2B2AB9211 /* login@3x.png in Resources */ = {isa = PBXBuildFile; fileRef = 1BD08874B3764FEB9F5CA772 /* login@3x.png */; };
		5D3E943C07894E0892B82F62 /* email@2x.png in Resources */ = {isa = PBXBuildFile; fileRef = DEC87BFE55A4472A933034FA /* email@2x.png */; };
		6788F1551A3A45169F7AB7F4 /* TNSChart.framework in Embed Frameworks */ = {isa = PBXBuildFile; fileRef = 8EDDC6B3400E4DA2A6D88D22 /* TNSChart.framework */; settings = {ATTRIBUTES = (CodeSignOnCopy, ); }; };
		79F0D3389D9D4E5E89321147 /* TNSChart.framework in Frameworks */ = {isa = PBXBuildFile; fileRef = 8EDDC6B3400E4DA2A6D88D22 /* TNSChart.framework */; };
		858B842D18CA22B800AB12DE /* InfoPlist.strings in Resources */ = {isa = PBXBuildFile; fileRef = 858B833A18CA111C00AB12DE /* InfoPlist.strings */; };
		8EAD89E1216A4D2C941E9E32 /* password.png in Resources */ = {isa = PBXBuildFile; fileRef = E8CD40AEF5DC4676B072CB31 /* password.png */; };
		904ADA1C83C451BE2E5D262F /* Pods_ProMo.framework in Frameworks */ = {isa = PBXBuildFile; fileRef = DC6C6ED1ABFE8BD5050D6887 /* Pods_ProMo.framework */; };
		94C64648752C402DA8ECFBB5 /* Assets.xcassets in Resources */ = {isa = PBXBuildFile; fileRef = EC6AA47F1F2447D3828B335B /* Assets.xcassets */; };
		B1FB7EDA60C24DA49BC18F2B /* password@2x.png in Resources */ = {isa = PBXBuildFile; fileRef = C47DBD03F42E4CFE85E9FD9C /* password@2x.png */; };
		B7ED8E831DF946D9B55CBE23 /* LaunchScreen.storyboard in Resources */ = {isa = PBXBuildFile; fileRef = 9752933C11EF4A75BF0907B9 /* LaunchScreen.storyboard */; };
		C4F94BCC2D5343F1B593CA06 /* email.png in Resources */ = {isa = PBXBuildFile; fileRef = DF7DB5D71D264C33B65A8AFE /* email.png */; };
		CD45EE7C18DC2D5800FB50C0 /* app in Resources */ = {isa = PBXBuildFile; fileRef = CD45EE7A18DC2D5800FB50C0 /* app */; };
		CD62955D1BB2678900AE3A93 /* main.m in Sources */ = {isa = PBXBuildFile; fileRef = CD62955C1BB2678900AE3A93 /* main.m */; };
		E75B192077414141AADFD800 /* TNSCore.framework in Embed Frameworks */ = {isa = PBXBuildFile; fileRef = 03027761588046FC97AB6052 /* TNSCore.framework */; settings = {ATTRIBUTES = (CodeSignOnCopy, ); }; };
		E94C0420D52B4F8AA32CD6CE /* login.png in Resources */ = {isa = PBXBuildFile; fileRef = 30F1BF5EC9DE4BF48E4B3060 /* login.png */; };
		EEC75166E0F848E08C2CD11D /* build.xcconfig in Resources */ = {isa = PBXBuildFile; fileRef = 81DDAA000EF2437DBE6744FF /* build.xcconfig */; };
		FA54926359EA4BAFB77B660F /* TNSWidgets.framework in Frameworks */ = {isa = PBXBuildFile; fileRef = B269B4C1DA774A34B47D059E /* TNSWidgets.framework */; };
		FC0712A2A560490CAA42D7B7 /* email@3x.png in Resources */ = {isa = PBXBuildFile; fileRef = 330CF38B54CE416BB7FBBDD3 /* email@3x.png */; };
/* End PBXBuildFile section */

/* Begin PBXCopyFilesBuildPhase section */
		85F5BDFC1A9363BE006B9701 /* Embed Frameworks */ = {
			isa = PBXCopyFilesBuildPhase;
			buildActionMask = 2147483647;
			dstPath = "";
			dstSubfolderSpec = 10;
			files = (
				39940D9122C4EF600050DDE1 /* NativeScript.xcframework in Embed Frameworks */,
				39940E1C22C5DFFF0050DDE1 /* TKLiveSync.xcframework in Embed Frameworks */,
				1B9EC2C1FECA4966BF663B99 /* TNSWidgets.framework in Embed Frameworks */,
				6788F1551A3A45169F7AB7F4 /* TNSChart.framework in Embed Frameworks */,
				E75B192077414141AADFD800 /* TNSCore.framework in Embed Frameworks */,
			);
			name = "Embed Frameworks";
			runOnlyForDeploymentPostprocessing = 0;
		};
/* End PBXCopyFilesBuildPhase section */

/* Begin PBXFileReference section */
		03027761588046FC97AB6052 /* TNSCore.framework */ = {isa = PBXFileReference; explicitFileType = undefined; fileEncoding = undefined; includeInIndex = 0; lastKnownFileType = wrapper.framework; name = TNSCore.framework; path = "$(SRCROOT)/../../node_modules/nativescript-ui-core/platforms/ios/TNSCore.framework"; sourceTree = "<group>"; };
		0354F2584FE549B083EDB11A /* password@3x.png */ = {isa = PBXFileReference; explicitFileType = undefined; fileEncoding = undefined; includeInIndex = 0; lastKnownFileType = image.png; name = "password@3x.png"; path = "ProMo/Resources/password@3x.png"; sourceTree = "<group>"; };
		1BD08874B3764FEB9F5CA772 /* login@3x.png */ = {isa = PBXFileReference; explicitFileType = undefined; fileEncoding = undefined; includeInIndex = 0; lastKnownFileType = image.png; name = "login@3x.png"; path = "ProMo/Resources/login@3x.png"; sourceTree = "<group>"; };
		1D76EEF7D2F0411089834365 /* module.modulemap */ = {isa = PBXFileReference; explicitFileType = undefined; fileEncoding = undefined; includeInIndex = 0; lastKnownFileType = "sourcecode.module-map"; name = module.modulemap; path = "../../node_modules/@nativescript/core/platforms/ios/src/module.modulemap"; sourceTree = "<group>"; };
		2EAEBB7AA03D4D9390AB6A66 /* login@2x.png */ = {isa = PBXFileReference; explicitFileType = undefined; fileEncoding = undefined; includeInIndex = 0; lastKnownFileType = image.png; name = "login@2x.png"; path = "ProMo/Resources/login@2x.png"; sourceTree = "<group>"; };
		30F1BF5EC9DE4BF48E4B3060 /* login.png */ = {isa = PBXFileReference; explicitFileType = undefined; fileEncoding = undefined; includeInIndex = 0; lastKnownFileType = image.png; name = login.png; path = ProMo/Resources/login.png; sourceTree = "<group>"; };
		330CF38B54CE416BB7FBBDD3 /* email@3x.png */ = {isa = PBXFileReference; explicitFileType = undefined; fileEncoding = undefined; includeInIndex = 0; lastKnownFileType = image.png; name = "email@3x.png"; path = "ProMo/Resources/email@3x.png"; sourceTree = "<group>"; };
		391174B521F1D7BF00BA2583 /* nativescript-build.xcconfig */ = {isa = PBXFileReference; fileEncoding = 4; lastKnownFileType = text.xcconfig; name = "nativescript-build.xcconfig"; path = "internal/nativescript-build.xcconfig"; sourceTree = SOURCE_ROOT; };
		391174B721F1D99900BA2583 /* plugins-release.xcconfig */ = {isa = PBXFileReference; fileEncoding = 4; lastKnownFileType = text.xcconfig; path = "plugins-release.xcconfig"; sourceTree = SOURCE_ROOT; };
		391174B821F1D99900BA2583 /* plugins-debug.xcconfig */ = {isa = PBXFileReference; fileEncoding = 4; lastKnownFileType = text.xcconfig; path = "plugins-debug.xcconfig"; sourceTree = SOURCE_ROOT; };
		39940D8122C4E84C0050DDE1 /* ProMo.entitlements */ = {isa = PBXFileReference; lastKnownFileType = text.plist.entitlements; path = ProMo.entitlements; sourceTree = "<group>"; };
		39940D8C22C4EAAA0050DDE1 /* NativeScript.xcframework */ = {isa = PBXFileReference; lastKnownFileType = wrapper.xcframework; name = NativeScript.xcframework; path = internal/NativeScript.xcframework; sourceTree = "<group>"; };
		39940E1B22C5DFFF0050DDE1 /* TKLiveSync.xcframework */ = {isa = PBXFileReference; lastKnownFileType = wrapper.xcframework; name = TKLiveSync.xcframework; path = internal/TKLiveSync.xcframework; sourceTree = "<group>"; };
		42C751E2232B769100186695 /* nativescript-pre-link */ = {isa = PBXFileReference; fileEncoding = 4; lastKnownFileType = text; name = "nativescript-pre-link"; path = "internal/nativescript-pre-link"; sourceTree = SOURCE_ROOT; };
		42C751E3232B769100186695 /* strip-dynamic-framework-architectures.sh */ = {isa = PBXFileReference; fileEncoding = 4; lastKnownFileType = text.script.sh; name = "strip-dynamic-framework-architectures.sh"; path = "internal/strip-dynamic-framework-architectures.sh"; sourceTree = SOURCE_ROOT; };
		42C751E4232B769100186695 /* nsld.sh */ = {isa = PBXFileReference; fileEncoding = 4; lastKnownFileType = text.script.sh; name = nsld.sh; path = internal/nsld.sh; sourceTree = SOURCE_ROOT; };
		42C751E5232B769100186695 /* nativescript-post-build */ = {isa = PBXFileReference; fileEncoding = 4; lastKnownFileType = text; name = "nativescript-post-build"; path = "internal/nativescript-post-build"; sourceTree = SOURCE_ROOT; };
		42C751E6232B769100186695 /* nativescript-pre-build */ = {isa = PBXFileReference; fileEncoding = 4; lastKnownFileType = text; name = "nativescript-pre-build"; path = "internal/nativescript-pre-build"; sourceTree = SOURCE_ROOT; };
		813D71008D89493E97670209 /* NativeScriptEmbedder.m */ = {isa = PBXFileReference; explicitFileType = undefined; fileEncoding = 4; includeInIndex = 0; lastKnownFileType = sourcecode.c.objc; name = NativeScriptEmbedder.m; path = "../../node_modules/@nativescript/core/platforms/ios/src/NativeScriptEmbedder.m"; sourceTree = "<group>"; };
		81DDAA000EF2437DBE6744FF /* build.xcconfig */ = {isa = PBXFileReference; explicitFileType = undefined; fileEncoding = 4; includeInIndex = 0; lastKnownFileType = text.xcconfig; name = build.xcconfig; path = ProMo/Resources/build.xcconfig; sourceTree = "<group>"; };
		858B832E18CA111C00AB12DE /* ProMo.app */ = {isa = PBXFileReference; explicitFileType = wrapper.application; includeInIndex = 0; path = ProMo.app; sourceTree = BUILT_PRODUCTS_DIR; };
		858B833918CA111C00AB12DE /* ProMo-Info.plist */ = {isa = PBXFileReference; lastKnownFileType = text.plist.xml; path = "ProMo-Info.plist"; sourceTree = "<group>"; };
		858B833B18CA111C00AB12DE /* en */ = {isa = PBXFileReference; lastKnownFileType = text.plist.strings; name = en; path = en.lproj/InfoPlist.strings; sourceTree = "<group>"; };
		858B833F18CA111C00AB12DE /* ProMo-Prefix.pch */ = {isa = PBXFileReference; lastKnownFileType = sourcecode.c.h; path = "ProMo-Prefix.pch"; sourceTree = "<group>"; };
		858B843318CA22B800AB12DE /* ProMo.app */ = {isa = PBXFileReference; explicitFileType = wrapper.application; includeInIndex = 0; path = ProMo.app; sourceTree = BUILT_PRODUCTS_DIR; };
		86F6B120D43CB9A9F74D7189 /* Pods-ProMo.release.xcconfig */ = {isa = PBXFileReference; includeInIndex = 1; lastKnownFileType = text.xcconfig; name = "Pods-ProMo.release.xcconfig"; path = "Target Support Files/Pods-ProMo/Pods-ProMo.release.xcconfig"; sourceTree = "<group>"; };
		8EDDC6B3400E4DA2A6D88D22 /* TNSChart.framework */ = {isa = PBXFileReference; explicitFileType = undefined; fileEncoding = undefined; includeInIndex = 0; lastKnownFileType = wrapper.framework; name = TNSChart.framework; path = "$(SRCROOT)/../../node_modules/nativescript-ui-chart/platforms/ios/TNSChart.framework"; sourceTree = "<group>"; };
		930F05DB22671AE300D269DC /* Swift-ObjC-Bridging-Header.h */ = {isa = PBXFileReference; lastKnownFileType = sourcecode.c.h; name = "Swift-ObjC-Bridging-Header.h"; path = "internal/Swift-ObjC-Bridging-Header.h"; sourceTree = SOURCE_ROOT; };
		9752933C11EF4A75BF0907B9 /* LaunchScreen.storyboard */ = {isa = PBXFileReference; explicitFileType = undefined; fileEncoding = undefined; includeInIndex = 0; lastKnownFileType = unknown; name = LaunchScreen.storyboard; path = ProMo/Resources/LaunchScreen.storyboard; sourceTree = "<group>"; };
		B269B4C1DA774A34B47D059E /* TNSWidgets.framework */ = {isa = PBXFileReference; explicitFileType = undefined; fileEncoding = undefined; includeInIndex = 0; lastKnownFileType = wrapper.framework; name = TNSWidgets.framework; path = "$(SRCROOT)/../../node_modules/@nativescript/core/platforms/ios/TNSWidgets.framework"; sourceTree = "<group>"; };
		C0B3AABD0D3017A865A241F5 /* Pods-ProMo.debug.xcconfig */ = {isa = PBXFileReference; includeInIndex = 1; lastKnownFileType = text.xcconfig; name = "Pods-ProMo.debug.xcconfig"; path = "Target Support Files/Pods-ProMo/Pods-ProMo.debug.xcconfig"; sourceTree = "<group>"; };
		C47DBD03F42E4CFE85E9FD9C /* password@2x.png */ = {isa = PBXFileReference; explicitFileType = undefined; fileEncoding = undefined; includeInIndex = 0; lastKnownFileType = image.png; name = "password@2x.png"; path = "ProMo/Resources/password@2x.png"; sourceTree = "<group>"; };
		CD45EE7A18DC2D5800FB50C0 /* app */ = {isa = PBXFileReference; lastKnownFileType = folder; path = app; sourceTree = "<group>"; };
		CD62955C1BB2678900AE3A93 /* main.m */ = {isa = PBXFileReference; fileEncoding = 4; lastKnownFileType = sourcecode.c.objc; name = main.m; path = internal/main.m; sourceTree = SOURCE_ROOT; };
		CDD59A261BB43B5D00EC2671 /* build-debug.xcconfig */ = {isa = PBXFileReference; fileEncoding = 4; lastKnownFileType = text.xcconfig; path = "build-debug.xcconfig"; sourceTree = "<group>"; };
		CDD59A271BB43B5D00EC2671 /* build-release.xcconfig */ = {isa = PBXFileReference; fileEncoding = 4; lastKnownFileType = text.xcconfig; path = "build-release.xcconfig"; sourceTree = "<group>"; };
		CDF4743E1BA4855C0087EA85 /* build.xcconfig */ = {isa = PBXFileReference; fileEncoding = 4; lastKnownFileType = text.xcconfig; path = build.xcconfig; sourceTree = "<group>"; };
		DC6C6ED1ABFE8BD5050D6887 /* Pods_ProMo.framework */ = {isa = PBXFileReference; explicitFileType = wrapper.framework; includeInIndex = 0; path = Pods_ProMo.framework; sourceTree = BUILT_PRODUCTS_DIR; };
		DD87A5B1977C4ECB919C4EB4 /* NativeScriptEmbedder.h */ = {isa = PBXFileReference; explicitFileType = undefined; fileEncoding = 4; includeInIndex = 0; lastKnownFileType = sourcecode.c.h; name = NativeScriptEmbedder.h; path = "../../node_modules/@nativescript/core/platforms/ios/src/NativeScriptEmbedder.h"; sourceTree = "<group>"; };
		DEC87BFE55A4472A933034FA /* email@2x.png */ = {isa = PBXFileReference; explicitFileType = undefined; fileEncoding = undefined; includeInIndex = 0; lastKnownFileType = image.png; name = "email@2x.png"; path = "ProMo/Resources/email@2x.png"; sourceTree = "<group>"; };
		DF7DB5D71D264C33B65A8AFE /* email.png */ = {isa = PBXFileReference; explicitFileType = undefined; fileEncoding = undefined; includeInIndex = 0; lastKnownFileType = image.png; name = email.png; path = ProMo/Resources/email.png; sourceTree = "<group>"; };
		E8CD40AEF5DC4676B072CB31 /* password.png */ = {isa = PBXFileReference; explicitFileType = undefined; fileEncoding = undefined; includeInIndex = 0; lastKnownFileType = image.png; name = password.png; path = ProMo/Resources/password.png; sourceTree = "<group>"; };
		EC6AA47F1F2447D3828B335B /* Assets.xcassets */ = {isa = PBXFileReference; explicitFileType = undefined; fileEncoding = undefined; includeInIndex = 0; lastKnownFileType = folder.assetcatalog; name = Assets.xcassets; path = ProMo/Resources/Assets.xcassets; sourceTree = "<group>"; };
/* End PBXFileReference section */

/* Begin PBXFrameworksBuildPhase section */
		858B83F418CA22B800AB12DE /* Frameworks */ = {
			isa = PBXFrameworksBuildPhase;
			buildActionMask = 2147483647;
			files = (
				FA54926359EA4BAFB77B660F /* TNSWidgets.framework in Frameworks */,
				79F0D3389D9D4E5E89321147 /* TNSChart.framework in Frameworks */,
				4940BF2665CF42C988FCF3C6 /* TNSCore.framework in Frameworks */,
				904ADA1C83C451BE2E5D262F /* Pods_ProMo.framework in Frameworks */,
			);
			runOnlyForDeploymentPostprocessing = 0;
		};
/* End PBXFrameworksBuildPhase section */

/* Begin PBXGroup section */
		0216348716FF4B7BA533F7D9 /* @nativescript/core */ = {
			isa = PBXGroup;
			children = (
				DD87A5B1977C4ECB919C4EB4 /* NativeScriptEmbedder.h */,
				813D71008D89493E97670209 /* NativeScriptEmbedder.m */,
				1D76EEF7D2F0411089834365 /* module.modulemap */,
			);
			name = "@nativescript/core";
			sourceTree = "<group>";
		};
		39940D8E22C4EBCC0050DDE1 /* Sources */ = {
			isa = PBXGroup;
			children = (
				CD62955C1BB2678900AE3A93 /* main.m */,
				858B833F18CA111C00AB12DE /* ProMo-Prefix.pch */,
			);
			name = Sources;
			sourceTree = "<group>";
		};
		42C751E1232B767700186695 /* Build Scripts */ = {
			isa = PBXGroup;
			children = (
				42C751E5232B769100186695 /* nativescript-post-build */,
				42C751E6232B769100186695 /* nativescript-pre-build */,
				42C751E2232B769100186695 /* nativescript-pre-link */,
				42C751E4232B769100186695 /* nsld.sh */,
				42C751E3232B769100186695 /* strip-dynamic-framework-architectures.sh */,
			);
			name = "Build Scripts";
			sourceTree = "<group>";
		};
		451FDE4F57424808A554768C /* TNSNativeSource */ = {
			isa = PBXGroup;
			children = (
			);
			name = TNSNativeSource;
			sourceTree = "<group>";
		};
		47AFC1D83139443BA702F3D8 /* nativescript-ui-chart */ = {
			isa = PBXGroup;
			children = (
			);
			name = "nativescript-ui-chart";
			sourceTree = "<group>";
		};
		70BECCC2D8324752953A3DC5 /* nativescript-iqkeyboardmanager */ = {
			isa = PBXGroup;
			children = (
			);
			name = "nativescript-iqkeyboardmanager";
			sourceTree = "<group>";
		};
		71EADA5F626E47D0B2D1D6B9 /* nativescript-fingerprint-auth */ = {
			isa = PBXGroup;
			children = (
			);
			name = "nativescript-fingerprint-auth";
			sourceTree = "<group>";
		};
		858B832518CA111C00AB12DE = {
			isa = PBXGroup;
			children = (
				E070579D1B39A9D000214BF1 /* Resources */,
				858B833718CA111C00AB12DE /* ProMo */,
				858B833018CA111C00AB12DE /* Frameworks */,
				858B832F18CA111C00AB12DE /* Products */,
				451FDE4F57424808A554768C /* TNSNativeSource */,
				0216348716FF4B7BA533F7D9 /* @nativescript/core */,
				71EADA5F626E47D0B2D1D6B9 /* nativescript-fingerprint-auth */,
				70BECCC2D8324752953A3DC5 /* nativescript-iqkeyboardmanager */,
				47AFC1D83139443BA702F3D8 /* nativescript-ui-chart */,
				88F07C52AD45482C8BC395B3 /* @proplugins/nativescript-dom */,
				9B29B9D6174745B998D95DC3 /* nativescript-ui-core */,
				F89F65A9292CAB13B6F562AA /* Pods */,
			);
			sourceTree = "<group>";
		};
		858B832F18CA111C00AB12DE /* Products */ = {
			isa = PBXGroup;
			children = (
				858B832E18CA111C00AB12DE /* ProMo.app */,
				858B843318CA22B800AB12DE /* ProMo.app */,
			);
			name = Products;
			sourceTree = "<group>";
		};
		858B833018CA111C00AB12DE /* Frameworks */ = {
			isa = PBXGroup;
			children = (
				39940E1B22C5DFFF0050DDE1 /* TKLiveSync.xcframework */,
				39940D8C22C4EAAA0050DDE1 /* NativeScript.xcframework */,
				B269B4C1DA774A34B47D059E /* TNSWidgets.framework */,
				8EDDC6B3400E4DA2A6D88D22 /* TNSChart.framework */,
				03027761588046FC97AB6052 /* TNSCore.framework */,
				DC6C6ED1ABFE8BD5050D6887 /* Pods_ProMo.framework */,
			);
			name = Frameworks;
			sourceTree = "<group>";
		};
		858B833718CA111C00AB12DE /* ProMo */ = {
			isa = PBXGroup;
			children = (
				39940D8E22C4EBCC0050DDE1 /* Sources */,
				39940D8122C4E84C0050DDE1 /* ProMo.entitlements */,
				CD45EE7A18DC2D5800FB50C0 /* app */,
				858B833818CA111C00AB12DE /* Supporting Files */,
			);
			path = ProMo;
			sourceTree = "<group>";
		};
		858B833818CA111C00AB12DE /* Supporting Files */ = {
			isa = PBXGroup;
			children = (
				42C751E1232B767700186695 /* Build Scripts */,
				391174B821F1D99900BA2583 /* plugins-debug.xcconfig */,
				391174B721F1D99900BA2583 /* plugins-release.xcconfig */,
				CDF4743E1BA4855C0087EA85 /* build.xcconfig */,
				CDD59A261BB43B5D00EC2671 /* build-debug.xcconfig */,
				CDD59A271BB43B5D00EC2671 /* build-release.xcconfig */,
				391174B521F1D7BF00BA2583 /* nativescript-build.xcconfig */,
				858B833918CA111C00AB12DE /* ProMo-Info.plist */,
				858B833A18CA111C00AB12DE /* InfoPlist.strings */,
				930F05DB22671AE300D269DC /* Swift-ObjC-Bridging-Header.h */,
			);
			name = "Supporting Files";
			sourceTree = "<group>";
		};
		88F07C52AD45482C8BC395B3 /* @proplugins/nativescript-dom */ = {
			isa = PBXGroup;
			children = (
			);
			name = "@proplugins/nativescript-dom";
			sourceTree = "<group>";
		};
		9B29B9D6174745B998D95DC3 /* nativescript-ui-core */ = {
			isa = PBXGroup;
			children = (
			);
			name = "nativescript-ui-core";
			sourceTree = "<group>";
		};
		E070579D1B39A9D000214BF1 /* Resources */ = {
			isa = PBXGroup;
			children = (
				EC6AA47F1F2447D3828B335B /* Assets.xcassets */,
				9752933C11EF4A75BF0907B9 /* LaunchScreen.storyboard */,
				81DDAA000EF2437DBE6744FF /* build.xcconfig */,
				DF7DB5D71D264C33B65A8AFE /* email.png */,
				DEC87BFE55A4472A933034FA /* email@2x.png */,
				330CF38B54CE416BB7FBBDD3 /* email@3x.png */,
				30F1BF5EC9DE4BF48E4B3060 /* login.png */,
				2EAEBB7AA03D4D9390AB6A66 /* login@2x.png */,
				1BD08874B3764FEB9F5CA772 /* login@3x.png */,
				E8CD40AEF5DC4676B072CB31 /* password.png */,
				C47DBD03F42E4CFE85E9FD9C /* password@2x.png */,
				0354F2584FE549B083EDB11A /* password@3x.png */,
			);
			name = Resources;
			sourceTree = "<group>";
		};
		F89F65A9292CAB13B6F562AA /* Pods */ = {
			isa = PBXGroup;
			children = (
				C0B3AABD0D3017A865A241F5 /* Pods-ProMo.debug.xcconfig */,
				86F6B120D43CB9A9F74D7189 /* Pods-ProMo.release.xcconfig */,
			);
			name = Pods;
			path = Pods;
			sourceTree = "<group>";
		};
/* End PBXGroup section */

/* Begin PBXNativeTarget section */
		858B83EF18CA22B800AB12DE /* ProMo */ = {
			isa = PBXNativeTarget;
			buildConfigurationList = 858B843018CA22B800AB12DE /* Build configuration list for PBXNativeTarget "ProMo" */;
			buildPhases = (
				8291ED40D601638C4B26E944 /* [CP] Check Pods Manifest.lock */,
				C97FD7AC1ADE5369004DB2A4 /* NativeScript PreBuild */,
				858B83F218CA22B800AB12DE /* Sources */,
				CD62955B1BB2651D00AE3A93 /* NativeScript PreLink */,
				858B83F418CA22B800AB12DE /* Frameworks */,
				858B842C18CA22B800AB12DE /* Resources */,
				85F5BDFC1A9363BE006B9701 /* Embed Frameworks */,
				CD3EAD351B05FF060042DBFC /* NativeScript PostBuild */,
				A37F1857B0892542B831D198 /* [CP] Embed Pods Frameworks */,
			);
			buildRules = (
			);
			dependencies = (
			);
			name = ProMo;
			productName = JDBridgeApp;
			productReference = 858B843318CA22B800AB12DE /* ProMo.app */;
			productType = "com.apple.product-type.application";
		};
/* End PBXNativeTarget section */

/* Begin PBXProject section */
		858B832618CA111C00AB12DE /* Project object */ = {
			isa = PBXProject;
			attributes = {
				CLASSPREFIX = TNS;
				LastUpgradeCheck = 500;
				ORGANIZATIONNAME = Telerik;
				TargetAttributes = {
					858B83EF18CA22B800AB12DE = {
						DevelopmentTeam = G2SMTM65P8;
						ProvisioningStyle = Automatic;
					};
				};
			};
			buildConfigurationList = 858B832918CA111C00AB12DE /* Build configuration list for PBXProject "ProMo" */;
			compatibilityVersion = "Xcode 3.2";
			developmentRegion = English;
			hasScannedForEncodings = 0;
			knownRegions = (
				English,
				en,
			);
			mainGroup = 858B832518CA111C00AB12DE;
			productRefGroup = 858B832F18CA111C00AB12DE /* Products */;
			projectDirPath = "";
			projectRoot = "";
			targets = (
				858B83EF18CA22B800AB12DE /* ProMo */,
			);
		};
/* End PBXProject section */

/* Begin PBXResourcesBuildPhase section */
		858B842C18CA22B800AB12DE /* Resources */ = {
			isa = PBXResourcesBuildPhase;
			buildActionMask = 2147483647;
			files = (
				CD45EE7C18DC2D5800FB50C0 /* app in Resources */,
				858B842D18CA22B800AB12DE /* InfoPlist.strings in Resources */,
				94C64648752C402DA8ECFBB5 /* Assets.xcassets in Resources */,
				B7ED8E831DF946D9B55CBE23 /* LaunchScreen.storyboard in Resources */,
				EEC75166E0F848E08C2CD11D /* build.xcconfig in Resources */,
				C4F94BCC2D5343F1B593CA06 /* email.png in Resources */,
				5D3E943C07894E0892B82F62 /* email@2x.png in Resources */,
				FC0712A2A560490CAA42D7B7 /* email@3x.png in Resources */,
				E94C0420D52B4F8AA32CD6CE /* login.png in Resources */,
				3892F252100B49779D85A0E1 /* login@2x.png in Resources */,
				5D0D440337D548F2B2AB9211 /* login@3x.png in Resources */,
				8EAD89E1216A4D2C941E9E32 /* password.png in Resources */,
				B1FB7EDA60C24DA49BC18F2B /* password@2x.png in Resources */,
				0854B72460C445A192C47916 /* password@3x.png in Resources */,
			);
			runOnlyForDeploymentPostprocessing = 0;
		};
/* End PBXResourcesBuildPhase section */

/* Begin PBXShellScriptBuildPhase section */
		8291ED40D601638C4B26E944 /* [CP] Check Pods Manifest.lock */ = {
			isa = PBXShellScriptBuildPhase;
			buildActionMask = 2147483647;
			files = (
			);
			inputFileListPaths = (
			);
			inputPaths = (
				"${PODS_PODFILE_DIR_PATH}/Podfile.lock",
				"${PODS_ROOT}/Manifest.lock",
			);
			name = "[CP] Check Pods Manifest.lock";
			outputFileListPaths = (
			);
			outputPaths = (
				"$(DERIVED_FILE_DIR)/Pods-ProMo-checkManifestLockResult.txt",
			);
			runOnlyForDeploymentPostprocessing = 0;
			shellPath = /bin/sh;
			shellScript = "diff \"${PODS_PODFILE_DIR_PATH}/Podfile.lock\" \"${PODS_ROOT}/Manifest.lock\" > /dev/null\nif [ $? != 0 ] ; then\n    # print error to STDERR\n    echo \"error: The sandbox is not in sync with the Podfile.lock. Run 'pod install' or update your CocoaPods installation.\" >&2\n    exit 1\nfi\n# This output is used by Xcode 'outputs' to avoid re-running this script phase.\necho \"SUCCESS\" > \"${SCRIPT_OUTPUT_FILE_0}\"\n";
			showEnvVarsInLog = 0;
		};
		A37F1857B0892542B831D198 /* [CP] Embed Pods Frameworks */ = {
			isa = PBXShellScriptBuildPhase;
			buildActionMask = 2147483647;
			files = (
			);
			inputPaths = (
				"${PODS_ROOT}/Target Support Files/Pods-ProMo/Pods-ProMo-frameworks.sh",
				"${BUILT_PRODUCTS_DIR}/IQKeyboardManager/IQKeyboardManager.framework",
				"${BUILT_PRODUCTS_DIR}/MDFInternationalization/MDFInternationalization.framework",
				"${BUILT_PRODUCTS_DIR}/MaterialComponents/MaterialComponents.framework",
			);
			name = "[CP] Embed Pods Frameworks";
			outputPaths = (
				"${TARGET_BUILD_DIR}/${FRAMEWORKS_FOLDER_PATH}/IQKeyboardManager.framework",
				"${TARGET_BUILD_DIR}/${FRAMEWORKS_FOLDER_PATH}/MDFInternationalization.framework",
				"${TARGET_BUILD_DIR}/${FRAMEWORKS_FOLDER_PATH}/MaterialComponents.framework",
			);
			runOnlyForDeploymentPostprocessing = 0;
			shellPath = /bin/sh;
			shellScript = "\"${PODS_ROOT}/Target Support Files/Pods-ProMo/Pods-ProMo-frameworks.sh\"\n";
			showEnvVarsInLog = 0;
		};
		C97FD7AC1ADE5369004DB2A4 /* NativeScript PreBuild */ = {
			isa = PBXShellScriptBuildPhase;
			buildActionMask = 2147483647;
			files = (
			);
			inputPaths = (
			);
			name = "NativeScript PreBuild";
			outputPaths = (
			);
			runOnlyForDeploymentPostprocessing = 0;
			shellPath = /bin/sh;
			shellScript = "\"$SRCROOT/internal/nativescript-pre-build\"\n";
			showEnvVarsInLog = 0;
		};
		CD3EAD351B05FF060042DBFC /* NativeScript PostBuild */ = {
			isa = PBXShellScriptBuildPhase;
			buildActionMask = 2147483647;
			files = (
			);
			inputPaths = (
			);
			name = "NativeScript PostBuild";
			outputPaths = (
			);
			runOnlyForDeploymentPostprocessing = 0;
			shellPath = /bin/sh;
			shellScript = "\"$SRCROOT/internal/nativescript-post-build\"";
			showEnvVarsInLog = 0;
		};
		CD62955B1BB2651D00AE3A93 /* NativeScript PreLink */ = {
			isa = PBXShellScriptBuildPhase;
			buildActionMask = 2147483647;
			files = (
			);
			inputPaths = (
			);
			name = "NativeScript PreLink";
			outputPaths = (
			);
			runOnlyForDeploymentPostprocessing = 0;
			shellPath = /bin/sh;
			shellScript = "\"$SRCROOT/internal/nativescript-pre-link\"";
			showEnvVarsInLog = 0;
		};
/* End PBXShellScriptBuildPhase section */

/* Begin PBXSourcesBuildPhase section */
		858B83F218CA22B800AB12DE /* Sources */ = {
			isa = PBXSourcesBuildPhase;
			buildActionMask = 2147483647;
			files = (
				CD62955D1BB2678900AE3A93 /* main.m in Sources */,
				1E83173C3CA84322848DBAA9 /* NativeScriptEmbedder.m in Sources */,
			);
			runOnlyForDeploymentPostprocessing = 0;
		};
/* End PBXSourcesBuildPhase section */

/* Begin PBXVariantGroup section */
		858B833A18CA111C00AB12DE /* InfoPlist.strings */ = {
			isa = PBXVariantGroup;
			children = (
				858B833B18CA111C00AB12DE /* en */,
			);
			name = InfoPlist.strings;
			sourceTree = "<group>";
		};
/* End PBXVariantGroup section */

/* Begin XCBuildConfiguration section */
		858B835818CA111C00AB12DE /* Debug */ = {
			isa = XCBuildConfiguration;
			buildSettings = {
				ALWAYS_SEARCH_USER_PATHS = NO;
				ARCHS = "$(ARCHS_STANDARD)";
				CLANG_CXX_LANGUAGE_STANDARD = "gnu++0x";
				CLANG_CXX_LIBRARY = "libc++";
				CLANG_ENABLE_MODULES = YES;
				CLANG_ENABLE_OBJC_ARC = YES;
				CLANG_WARN_BOOL_CONVERSION = YES;
				CLANG_WARN_CONSTANT_CONVERSION = YES;
				CLANG_WARN_DIRECT_OBJC_ISA_USAGE = YES_ERROR;
				CLANG_WARN_EMPTY_BODY = YES;
				CLANG_WARN_ENUM_CONVERSION = YES;
				CLANG_WARN_INT_CONVERSION = YES;
				CLANG_WARN_OBJC_ROOT_CLASS = YES_ERROR;
				CLANG_WARN__DUPLICATE_METHOD_MATCH = YES;
				"CODE_SIGN_IDENTITY[sdk=iphoneos*]" = "iPhone Developer";
				COPY_PHASE_STRIP = NO;
				DERIVE_UIKITFORMAC_PRODUCT_BUNDLE_IDENTIFIER = YES;
				GCC_C_LANGUAGE_STANDARD = gnu99;
				GCC_DYNAMIC_NO_PIC = NO;
				GCC_OPTIMIZATION_LEVEL = 0;
				GCC_SYMBOLS_PRIVATE_EXTERN = NO;
				GCC_WARN_64_TO_32_BIT_CONVERSION = YES;
				GCC_WARN_ABOUT_RETURN_TYPE = YES_ERROR;
				GCC_WARN_UNDECLARED_SELECTOR = YES;
				GCC_WARN_UNINITIALIZED_AUTOS = YES;
				GCC_WARN_UNUSED_FUNCTION = YES;
				GCC_WARN_UNUSED_VARIABLE = YES;
				IPHONEOS_DEPLOYMENT_TARGET = 9.0;
				ONLY_ACTIVE_ARCH = YES;
				SDKROOT = iphoneos;
				STRIP_SWIFT_SYMBOLS = NO;
				SUPPORTS_UIKITFORMAC = YES;
				SWIFT_OBJC_BRIDGING_HEADER = "$SRCROOT/internal/Swift-ObjC-Bridging-Header.h";
				SWIFT_VERSION = 4.2;
				TARGETED_DEVICE_FAMILY = "1,2";
			};
			name = Debug;
		};
		858B835918CA111C00AB12DE /* Release */ = {
			isa = XCBuildConfiguration;
			buildSettings = {
				ALWAYS_SEARCH_USER_PATHS = NO;
				ARCHS = "$(ARCHS_STANDARD)";
				CLANG_CXX_LANGUAGE_STANDARD = "gnu++0x";
				CLANG_CXX_LIBRARY = "libc++";
				CLANG_ENABLE_MODULES = YES;
				CLANG_ENABLE_OBJC_ARC = YES;
				CLANG_WARN_BOOL_CONVERSION = YES;
				CLANG_WARN_CONSTANT_CONVERSION = YES;
				CLANG_WARN_DIRECT_OBJC_ISA_USAGE = YES_ERROR;
				CLANG_WARN_EMPTY_BODY = YES;
				CLANG_WARN_ENUM_CONVERSION = YES;
				CLANG_WARN_INT_CONVERSION = YES;
				CLANG_WARN_OBJC_ROOT_CLASS = YES_ERROR;
				CLANG_WARN__DUPLICATE_METHOD_MATCH = YES;
				"CODE_SIGN_IDENTITY[sdk=iphoneos*]" = "iPhone Developer";
				COPY_PHASE_STRIP = YES;
				DERIVE_UIKITFORMAC_PRODUCT_BUNDLE_IDENTIFIER = YES;
				ENABLE_NS_ASSERTIONS = NO;
				GCC_C_LANGUAGE_STANDARD = gnu99;
				GCC_WARN_64_TO_32_BIT_CONVERSION = YES;
				GCC_WARN_ABOUT_RETURN_TYPE = YES_ERROR;
				GCC_WARN_UNDECLARED_SELECTOR = YES;
				GCC_WARN_UNINITIALIZED_AUTOS = YES;
				GCC_WARN_UNUSED_FUNCTION = YES;
				GCC_WARN_UNUSED_VARIABLE = YES;
				IPHONEOS_DEPLOYMENT_TARGET = 9.0;
				SDKROOT = iphoneos;
				STRIP_SWIFT_SYMBOLS = NO;
				SUPPORTS_UIKITFORMAC = YES;
				SWIFT_OBJC_BRIDGING_HEADER = "$SRCROOT/internal/Swift-ObjC-Bridging-Header.h";
				SWIFT_VERSION = 4.2;
				TARGETED_DEVICE_FAMILY = "1,2";
				VALIDATE_PRODUCT = YES;
			};
			name = Release;
		};
		858B843118CA22B800AB12DE /* Debug */ = {
			isa = XCBuildConfiguration;
			baseConfigurationReference = CDD59A261BB43B5D00EC2671 /* build-debug.xcconfig */;
			buildSettings = {
				ARCHS = "$(ARCHS_STANDARD)";
				CODE_SIGN_ENTITLEMENTS = ProMo/ProMo.entitlements;
				"CODE_SIGN_IDENTITY[sdk=iphoneos*]" = "iPhone Developer";
				DEVELOPMENT_TEAM = G2SMTM65P8;
				ENABLE_BITCODE = NO;
				"ENABLE_HARDENED_RUNTIME[sdk=macosx*]" = YES;
				FRAMEWORK_SEARCH_PATHS = (
					"$(inherited)",
					"\"$(SRCROOT)/../../node_modules/@nativescript/core/platforms/ios\"",
					"\"$(SRCROOT)/../../node_modules/nativescript-ui-chart/platforms/ios\"",
					"\"$(SRCROOT)/../../node_modules/nativescript-ui-core/platforms/ios\"",
				);
				GCC_PRECOMPILE_PREFIX_HEADER = YES;
				GCC_PREFIX_HEADER = "ProMo/ProMo-Prefix.pch";
				GCC_PREPROCESSOR_DEFINITIONS = (
					"$(inherited)",
					"DEBUG=1",
				);
				HEADER_SEARCH_PATHS = (
					"$(inherited)",
					"\"$SRCROOT/internal/Swift-Modules\"",
					"\"$(SRCROOT)/internal\"",
					"\"$(SRCROOT)/../../app/App_Resources/iOS/src\"",
					"\"$(SRCROOT)/../../node_modules/@nativescript/core/platforms/ios/src\"",
					"\"$(SRCROOT)/../../node_modules/nativescript-fingerprint-auth/platforms/ios/src\"",
					"\"$(SRCROOT)/../../node_modules/nativescript-iqkeyboardmanager/platforms/ios/src\"",
					"\"$(SRCROOT)/../../node_modules/nativescript-ui-chart/platforms/ios/src\"",
					"\"$(SRCROOT)/../../node_modules/@proplugins/nativescript-dom/platforms/ios/src\"",
					"\"$(SRCROOT)/../../node_modules/nativescript-ui-core/platforms/ios/src\"",
				);
				INFOPLIST_FILE = "$(SRCROOT)/ProMo/ProMo-Info.plist";
				LD_RUNPATH_SEARCH_PATHS = "$(inherited) @executable_path/Frameworks";
				PRODUCT_BUNDLE_IDENTIFIER = net.pciaa.profile;
				PRODUCT_NAME = ProMo;
				TARGETED_DEVICE_FAMILY = "1,2";
				WRAPPER_EXTENSION = app;
			};
			name = Debug;
		};
		858B843218CA22B800AB12DE /* Release */ = {
			isa = XCBuildConfiguration;
			baseConfigurationReference = CDD59A271BB43B5D00EC2671 /* build-release.xcconfig */;
			buildSettings = {
				ARCHS = "$(ARCHS_STANDARD)";
				CODE_SIGN_ENTITLEMENTS = ProMo/ProMo.entitlements;
				"CODE_SIGN_IDENTITY[sdk=iphoneos*]" = "iPhone Developer";
				DEVELOPMENT_TEAM = G2SMTM65P8;
				ENABLE_BITCODE = NO;
				"ENABLE_HARDENED_RUNTIME[sdk=macosx*]" = YES;
				FRAMEWORK_SEARCH_PATHS = (
					"$(inherited)",
					"\"$(SRCROOT)/../../node_modules/@nativescript/core/platforms/ios\"",
					"\"$(SRCROOT)/../../node_modules/nativescript-ui-chart/platforms/ios\"",
					"\"$(SRCROOT)/../../node_modules/nativescript-ui-core/platforms/ios\"",
				);
				GCC_PRECOMPILE_PREFIX_HEADER = YES;
				GCC_PREFIX_HEADER = "ProMo/ProMo-Prefix.pch";
				HEADER_SEARCH_PATHS = (
					"$(inherited)",
					"$SRCROOT/internal/Swift-Modules",
					"$(SRCROOT)/internal",
					"\"$(SRCROOT)/../../app/App_Resources/iOS/src\"",
					"\"$(SRCROOT)/../../node_modules/@nativescript/core/platforms/ios/src\"",
					"\"$(SRCROOT)/../../node_modules/nativescript-fingerprint-auth/platforms/ios/src\"",
					"\"$(SRCROOT)/../../node_modules/nativescript-iqkeyboardmanager/platforms/ios/src\"",
					"\"$(SRCROOT)/../../node_modules/nativescript-ui-chart/platforms/ios/src\"",
					"\"$(SRCROOT)/../../node_modules/@proplugins/nativescript-dom/platforms/ios/src\"",
					"\"$(SRCROOT)/../../node_modules/nativescript-ui-core/platforms/ios/src\"",
				);
				INFOPLIST_FILE = "$(SRCROOT)/ProMo/ProMo-Info.plist";
				LD_RUNPATH_SEARCH_PATHS = "$(inherited) @executable_path/Frameworks";
				PRODUCT_BUNDLE_IDENTIFIER = net.pciaa.profile;
				PRODUCT_NAME = ProMo;
				TARGETED_DEVICE_FAMILY = "1,2";
				WRAPPER_EXTENSION = app;
			};
			name = Release;
		};
/* End XCBuildConfiguration section */

/* Begin XCConfigurationList section */
		858B832918CA111C00AB12DE /* Build configuration list for PBXProject "ProMo" */ = {
			isa = XCConfigurationList;
			buildConfigurations = (
				858B835818CA111C00AB12DE /* Debug */,
				858B835918CA111C00AB12DE /* Release */,
			);
			defaultConfigurationIsVisible = 0;
			defaultConfigurationName = Release;
		};
		858B843018CA22B800AB12DE /* Build configuration list for PBXNativeTarget "ProMo" */ = {
			isa = XCConfigurationList;
			buildConfigurations = (
				858B843118CA22B800AB12DE /* Debug */,
				858B843218CA22B800AB12DE /* Release */,
			);
			defaultConfigurationIsVisible = 0;
			defaultConfigurationName = Release;
		};
/* End XCConfigurationList section */
	};
	rootObject = 858B832618CA111C00AB12DE /* Project object */;
}
